
Microsoft Visual Studio Solution File, Format Version 9.00
# Visual Studio 2005
Project("{FAE04EC0-301F-11D3-BF4B-00C04F79EFBC}") = "COMP2690_Ass03", "COMP2690_Ass03\COMP2690_Ass03.csproj", "{D79707A9-8340-4130-BD60-BC6FBCD3C3C4}"
EndProject
Global
	GlobalSection(SolutionConfigurationPlatforms) = preSolution
		Debug|Any CPU = Debug|Any CPU
		Release|Any CPU = Release|Any CPU
	EndGlobalSection
	GlobalSection(ProjectConfigurationPlatforms) = postSolution
		{D79707A9-8340-4130-BD60-BC6FBCD3C3C4}.Debug|Any CPU.ActiveCfg = Debug|Any CPU
		{D79707A9-8340-4130-BD60-BC6FBCD3C3C4}.Debug|Any CPU.Build.0 = Debug|Any CPU
		{D79707A9-8340-4130-BD60-BC6FBCD3C3C4}.Release|Any CPU.ActiveCfg = Release|Any CPU
		{D79707A9-8340-4130-BD60-BC6FBCD3C3C4}.Release|Any CPU.Build.0 = Release|Any CPU
	EndGlobalSection
	GlobalSection(SolutionProperties) = preSolution
		HideSolutionNode = FALSE
	EndGlobalSection
EndGlobal
