// !$*UTF8*$!
{
	archiveVersion = 1;
	classes = {
	};
	objectVersion = 46;
	objects = {

/* Begin PBXBuildFile section */
		3A5CB97210A371D4007E469B /* MacGPGME.framework in Frameworks */ = {isa = PBXBuildFile; fileRef = 3A5CB97110A371D4007E469B /* MacGPGME.framework */; };
		3ACAE85C10A3745A00F6385F /* OmniAppKit.framework in Frameworks */ = {isa = PBXBuildFile; fileRef = 3ACAE85B10A3745A00F6385F /* OmniAppKit.framework */; };
		3ACAE8E510A3748E00F6385F /* OmniAppKit.framework in CopyFiles */ = {isa = PBXBuildFile; fileRef = 3ACAE85B10A3745A00F6385F /* OmniAppKit.framework */; };
		3ACAE8E810A3749100F6385F /* MacGPGME.framework in CopyFiles */ = {isa = PBXBuildFile; fileRef = 3A5CB97110A371D4007E469B /* MacGPGME.framework */; };
		3AD4904A10A36FF000174A2C /* GPGPassphrasePanelController.h in Headers */ = {isa = PBXBuildFile; fileRef = F53FB352021F044C01174191 /* GPGPassphrasePanelController.h */; settings = {ATTRIBUTES = (Public, ); }; };
		3AD4904B10A36FF000174A2C /* GPGAppKitDefines.h in Headers */ = {isa = PBXBuildFile; fileRef = F53FB35D021F1E0001174191 /* GPGAppKitDefines.h */; settings = {ATTRIBUTES = (Public, ); }; };
		3AD4904C10A36FF000174A2C /* GPGSingleKeySelectionPanelController.h in Headers */ = {isa = PBXBuildFile; fileRef = F55462530221B6FA01219801 /* GPGSingleKeySelectionPanelController.h */; settings = {ATTRIBUTES = (Public, ); }; };
		3AD4904D10A36FF000174A2C /* GPGAppKit.h in Headers */ = {isa = PBXBuildFile; fileRef = F55462570221CA4901219801 /* GPGAppKit.h */; settings = {ATTRIBUTES = (Public, ); }; };
		3AD4904E10A36FF000174A2C /* GPGMultiKeySelectionPanelController.h in Headers */ = {isa = PBXBuildFile; fileRef = F52A64730225542F015CF1E3 /* GPGMultiKeySelectionPanelController.h */; settings = {ATTRIBUTES = (Public, ); }; };
		3AD4904F10A36FF000174A2C /* GPGKeySelectionPanelController.h in Headers */ = {isa = PBXBuildFile; fileRef = F52A647702255A3B015CF1E3 /* GPGKeySelectionPanelController.h */; settings = {ATTRIBUTES = (Public, ); }; };
		3AD4905110A36FF000174A2C /* InfoPlist.strings in Resources */ = {isa = PBXBuildFile; fileRef = 089C1666FE841158C02AAC07 /* InfoPlist.strings */; };
		3AD4905210A36FF000174A2C /* Localizable.strings in Resources */ = {isa = PBXBuildFile; fileRef = F53FB35A021F1D9B01174191 /* Localizable.strings */; };
		3AD4905310A36FF000174A2C /* GPGMultiKeySelectionPanel.nib in Resources */ = {isa = PBXBuildFile; fileRef = F58A4EB00252448B01A8102A /* GPGMultiKeySelectionPanel.nib */; };
		3AD4905410A36FF000174A2C /* GPGPassphrasePanel.nib in Resources */ = {isa = PBXBuildFile; fileRef = F58A4EB20252448B01A8102A /* GPGPassphrasePanel.nib */; };
		3AD4905510A36FF000174A2C /* GPGSingleKeySelectionPanel.nib in Resources */ = {isa = PBXBuildFile; fileRef = F58A4EB40252448B01A8102A /* GPGSingleKeySelectionPanel.nib */; };
		3AD4905710A36FF000174A2C /* GPGPassphrasePanelController.m in Sources */ = {isa = PBXBuildFile; fileRef = F53FB353021F044C01174191 /* GPGPassphrasePanelController.m */; };
		3AD4905810A36FF000174A2C /* GPGAppKitDefines.m in Sources */ = {isa = PBXBuildFile; fileRef = F53FB35E021F1E0001174191 /* GPGAppKitDefines.m */; };
		3AD4905910A36FF000174A2C /* GPGSingleKeySelectionPanelController.m in Sources */ = {isa = PBXBuildFile; fileRef = F55462540221B6FA01219801 /* GPGSingleKeySelectionPanelController.m */; };
		3AD4905A10A36FF000174A2C /* GPGMultiKeySelectionPanelController.m in Sources */ = {isa = PBXBuildFile; fileRef = F52A64740225542F015CF1E3 /* GPGMultiKeySelectionPanelController.m */; };
		3AD4905B10A36FF000174A2C /* GPGKeySelectionPanelController.m in Sources */ = {isa = PBXBuildFile; fileRef = F52A647802255A3B015CF1E3 /* GPGKeySelectionPanelController.m */; };
		3AD4905D10A36FF000174A2C /* Cocoa.framework in Frameworks */ = {isa = PBXBuildFile; fileRef = 1058C7B1FEA5585E11CA2CBB /* Cocoa.framework */; };
/* End PBXBuildFile section */

/* Begin PBXContainerItemProxy section */
		3AB255CD10A3783600FB7B42 /* PBXContainerItemProxy */ = {
			isa = PBXContainerItemProxy;
			containerPortal = 3AB255C910A3783600FB7B42 /* MacGPGME.xcodeproj */;
			proxyType = 2;
			remoteGlobalIDString = 554B55C0069F0111005E1C92;
			remoteInfo = MacGPGME;
		};
/* End PBXContainerItemProxy section */

/* Begin PBXCopyFilesBuildPhase section */
		3AD4925110A3714000174A2C /* CopyFiles */ = {
			isa = PBXCopyFilesBuildPhase;
			buildActionMask = 2147483647;
			dstPath = "";
			dstSubfolderSpec = 10;
			files = (
				3ACAE8E810A3749100F6385F /* MacGPGME.framework in CopyFiles */,
				3ACAE8E510A3748E00F6385F /* OmniAppKit.framework in CopyFiles */,
			);
			runOnlyForDeploymentPostprocessing = 0;
		};
/* End PBXCopyFilesBuildPhase section */

/* Begin PBXFileReference section */
		0867D69BFE84028FC02AAC07 /* Foundation.framework */ = {isa = PBXFileReference; lastKnownFileType = wrapper.framework; name = Foundation.framework; path = /System/Library/Frameworks/Foundation.framework; sourceTree = "<absolute>"; };
		0867D6A5FE840307C02AAC07 /* AppKit.framework */ = {isa = PBXFileReference; lastKnownFileType = wrapper.framework; name = AppKit.framework; path = /System/Library/Frameworks/AppKit.framework; sourceTree = "<absolute>"; };
		089C1667FE841158C02AAC07 /* English */ = {isa = PBXFileReference; fileEncoding = 10; lastKnownFileType = text.plist.strings; name = English; path = English.lproj/InfoPlist.strings; sourceTree = "<group>"; };
		1058C7B1FEA5585E11CA2CBB /* Cocoa.framework */ = {isa = PBXFileReference; lastKnownFileType = wrapper.framework; name = Cocoa.framework; path = /System/Library/Frameworks/Cocoa.framework; sourceTree = "<absolute>"; };
		3A5CB97110A371D4007E469B /* MacGPGME.framework */ = {isa = PBXFileReference; lastKnownFileType = wrapper.framework; name = MacGPGME.framework; path = ../GPGME/build/Release/MacGPGME.framework; sourceTree = SOURCE_ROOT; };
		3AB255C910A3783600FB7B42 /* MacGPGME.xcodeproj */ = {isa = PBXFileReference; lastKnownFileType = "wrapper.pb-project"; name = MacGPGME.xcodeproj; path = ../GPGME/MacGPGME.xcodeproj; sourceTree = SOURCE_ROOT; };
		3ACAE85B10A3745A00F6385F /* OmniAppKit.framework */ = {isa = PBXFileReference; lastKnownFileType = wrapper.framework; name = OmniAppKit.framework; path = ../Frameworks/OmniAppKit/build/Release/OmniAppKit.framework; sourceTree = SOURCE_ROOT; };
		3AD4906910A36FF000174A2C /* Info-GPGAppKit__Upgraded_.plist */ = {isa = PBXFileReference; lastKnownFileType = text.plist.xml; path = "Info-GPGAppKit__Upgraded_.plist"; sourceTree = "<group>"; };
		3AD4906A10A36FF000174A2C /* GPGAppKit.framework */ = {isa = PBXFileReference; explicitFileType = wrapper.framework; includeInIndex = 0; path = GPGAppKit.framework; sourceTree = BUILT_PRODUCTS_DIR; };
		7F3521C4049520B8003B311D /* INSTALL */ = {isa = PBXFileReference; fileEncoding = 4; lastKnownFileType = text; path = INSTALL; sourceTree = "<group>"; };
		F52A646F02254834015CF1E3 /* README */ = {isa = PBXFileReference; fileEncoding = 4; lastKnownFileType = text; path = README; sourceTree = "<group>"; };
		F52A64730225542F015CF1E3 /* GPGMultiKeySelectionPanelController.h */ = {isa = PBXFileReference; fileEncoding = 4; lastKnownFileType = sourcecode.c.h; path = GPGMultiKeySelectionPanelController.h; sourceTree = "<group>"; };
		F52A64740225542F015CF1E3 /* GPGMultiKeySelectionPanelController.m */ = {isa = PBXFileReference; fileEncoding = 4; lastKnownFileType = sourcecode.c.objc; path = GPGMultiKeySelectionPanelController.m; sourceTree = "<group>"; };
		F52A647702255A3B015CF1E3 /* GPGKeySelectionPanelController.h */ = {isa = PBXFileReference; fileEncoding = 4; lastKnownFileType = sourcecode.c.h; path = GPGKeySelectionPanelController.h; sourceTree = "<group>"; };
		F52A647802255A3B015CF1E3 /* GPGKeySelectionPanelController.m */ = {isa = PBXFileReference; fileEncoding = 4; lastKnownFileType = sourcecode.c.objc; path = GPGKeySelectionPanelController.m; sourceTree = "<group>"; };
		F53FB352021F044C01174191 /* GPGPassphrasePanelController.h */ = {isa = PBXFileReference; fileEncoding = 4; lastKnownFileType = sourcecode.c.h; path = GPGPassphrasePanelController.h; sourceTree = "<group>"; };
		F53FB353021F044C01174191 /* GPGPassphrasePanelController.m */ = {isa = PBXFileReference; fileEncoding = 4; lastKnownFileType = sourcecode.c.objc; path = GPGPassphrasePanelController.m; sourceTree = "<group>"; };
		F53FB35B021F1D9B01174191 /* English */ = {isa = PBXFileReference; fileEncoding = 4; lastKnownFileType = text.plist.strings; name = English; path = English.lproj/Localizable.strings; sourceTree = "<group>"; };
		F53FB35D021F1E0001174191 /* GPGAppKitDefines.h */ = {isa = PBXFileReference; fileEncoding = 4; lastKnownFileType = sourcecode.c.h; path = GPGAppKitDefines.h; sourceTree = "<group>"; };
		F53FB35E021F1E0001174191 /* GPGAppKitDefines.m */ = {isa = PBXFileReference; fileEncoding = 4; lastKnownFileType = sourcecode.c.objc; path = GPGAppKitDefines.m; sourceTree = "<group>"; };
		F55462530221B6FA01219801 /* GPGSingleKeySelectionPanelController.h */ = {isa = PBXFileReference; fileEncoding = 4; lastKnownFileType = sourcecode.c.h; path = GPGSingleKeySelectionPanelController.h; sourceTree = "<group>"; };
		F55462540221B6FA01219801 /* GPGSingleKeySelectionPanelController.m */ = {isa = PBXFileReference; fileEncoding = 4; lastKnownFileType = sourcecode.c.objc; path = GPGSingleKeySelectionPanelController.m; sourceTree = "<group>"; };
		F55462570221CA4901219801 /* GPGAppKit.h */ = {isa = PBXFileReference; fileEncoding = 4; lastKnownFileType = sourcecode.c.h; path = GPGAppKit.h; sourceTree = "<group>"; };
		F58A4EB10252448B01A8102A /* English */ = {isa = PBXFileReference; lastKnownFileType = wrapper.nib; name = English; path = English.lproj/GPGMultiKeySelectionPanel.nib; sourceTree = "<group>"; };
		F58A4EB30252448B01A8102A /* English */ = {isa = PBXFileReference; lastKnownFileType = wrapper.nib; name = English; path = English.lproj/GPGPassphrasePanel.nib; sourceTree = "<group>"; };
		F58A4EB50252448B01A8102A /* English */ = {isa = PBXFileReference; lastKnownFileType = wrapper.nib; name = English; path = English.lproj/GPGSingleKeySelectionPanel.nib; sourceTree = "<group>"; };
/* End PBXFileReference section */

/* Begin PBXFrameworksBuildPhase section */
		3AD4905C10A36FF000174A2C /* Frameworks */ = {
			isa = PBXFrameworksBuildPhase;
			buildActionMask = 2147483647;
			files = (
				3AD4905D10A36FF000174A2C /* Cocoa.framework in Frameworks */,
				3A5CB97210A371D4007E469B /* MacGPGME.framework in Frameworks */,
				3ACAE85C10A3745A00F6385F /* OmniAppKit.framework in Frameworks */,
			);
			runOnlyForDeploymentPostprocessing = 0;
		};
/* End PBXFrameworksBuildPhase section */

/* Begin PBXGroup section */
		034768DFFF38A50411DB9C8B /* Products */ = {
			isa = PBXGroup;
			children = (
				3AD4906A10A36FF000174A2C /* GPGAppKit.framework */,
			);
			name = Products;
			sourceTree = "<group>";
		};
		0867D691FE84028FC02AAC07 /* GPGAppKit */ = {
			isa = PBXGroup;
			children = (
				3AB255C910A3783600FB7B42 /* MacGPGME.xcodeproj */,
				F52A646F02254834015CF1E3 /* README */,
				7F3521C4049520B8003B311D /* INSTALL */,
				08FB77AEFE84172EC02AAC07 /* Classes */,
				089C1665FE841158C02AAC07 /* Resources */,
				0867D69AFE84028FC02AAC07 /* External Frameworks and Libraries */,
				034768DFFF38A50411DB9C8B /* Products */,
			);
			name = GPGAppKit;
			sourceTree = "<group>";
		};
		0867D69AFE84028FC02AAC07 /* External Frameworks and Libraries */ = {
			isa = PBXGroup;
			children = (
				1058C7B0FEA5585E11CA2CBB /* Linked Frameworks */,
				1058C7B2FEA5585E11CA2CBB /* Other Frameworks */,
			);
			name = "External Frameworks and Libraries";
			sourceTree = "<group>";
		};
		089C1665FE841158C02AAC07 /* Resources */ = {
			isa = PBXGroup;
			children = (
				3AD4906910A36FF000174A2C /* Info-GPGAppKit__Upgraded_.plist */,
				F53FB35D021F1E0001174191 /* GPGAppKitDefines.h */,
				F53FB35E021F1E0001174191 /* GPGAppKitDefines.m */,
				F53FB35A021F1D9B01174191 /* Localizable.strings */,
				089C1666FE841158C02AAC07 /* InfoPlist.strings */,
				F58A4EB00252448B01A8102A /* GPGMultiKeySelectionPanel.nib */,
				F58A4EB20252448B01A8102A /* GPGPassphrasePanel.nib */,
				F58A4EB40252448B01A8102A /* GPGSingleKeySelectionPanel.nib */,
			);
			name = Resources;
			sourceTree = "<group>";
		};
		08FB77AEFE84172EC02AAC07 /* Classes */ = {
			isa = PBXGroup;
			children = (
				F55462570221CA4901219801 /* GPGAppKit.h */,
				F53FB352021F044C01174191 /* GPGPassphrasePanelController.h */,
				F53FB353021F044C01174191 /* GPGPassphrasePanelController.m */,
				F52A647702255A3B015CF1E3 /* GPGKeySelectionPanelController.h */,
				F52A647802255A3B015CF1E3 /* GPGKeySelectionPanelController.m */,
				F55462530221B6FA01219801 /* GPGSingleKeySelectionPanelController.h */,
				F55462540221B6FA01219801 /* GPGSingleKeySelectionPanelController.m */,
				F52A64730225542F015CF1E3 /* GPGMultiKeySelectionPanelController.h */,
				F52A64740225542F015CF1E3 /* GPGMultiKeySelectionPanelController.m */,
			);
			name = Classes;
			sourceTree = "<group>";
		};
		1058C7B0FEA5585E11CA2CBB /* Linked Frameworks */ = {
			isa = PBXGroup;
			children = (
				3ACAE85B10A3745A00F6385F /* OmniAppKit.framework */,
				3A5CB97110A371D4007E469B /* MacGPGME.framework */,
				1058C7B1FEA5585E11CA2CBB /* Cocoa.framework */,
			);
			name = "Linked Frameworks";
			sourceTree = "<group>";
		};
		1058C7B2FEA5585E11CA2CBB /* Other Frameworks */ = {
			isa = PBXGroup;
			children = (
				0867D69BFE84028FC02AAC07 /* Foundation.framework */,
				0867D6A5FE840307C02AAC07 /* AppKit.framework */,
			);
			name = "Other Frameworks";
			sourceTree = "<group>";
		};
		3AB255CA10A3783600FB7B42 /* Products */ = {
			isa = PBXGroup;
			children = (
				3AB255CE10A3783600FB7B42 /* MacGPGME.framework */,
			);
			name = Products;
			sourceTree = "<group>";
		};
/* End PBXGroup section */

/* Begin PBXHeadersBuildPhase section */
		3AD4904910A36FF000174A2C /* Headers */ = {
			isa = PBXHeadersBuildPhase;
			buildActionMask = 2147483647;
			files = (
				3AD4904A10A36FF000174A2C /* GPGPassphrasePanelController.h in Headers */,
				3AD4904B10A36FF000174A2C /* GPGAppKitDefines.h in Headers */,
				3AD4904C10A36FF000174A2C /* GPGSingleKeySelectionPanelController.h in Headers */,
				3AD4904D10A36FF000174A2C /* GPGAppKit.h in Headers */,
				3AD4904E10A36FF000174A2C /* GPGMultiKeySelectionPanelController.h in Headers */,
				3AD4904F10A36FF000174A2C /* GPGKeySelectionPanelController.h in Headers */,
			);
			runOnlyForDeploymentPostprocessing = 0;
		};
/* End PBXHeadersBuildPhase section */

/* Begin PBXNativeTarget section */
		3AD4904810A36FF000174A2C /* GPGAppKit */ = {
			isa = PBXNativeTarget;
			buildConfigurationList = 3AD4906110A36FF000174A2C /* Build configuration list for PBXNativeTarget "GPGAppKit" */;
			buildPhases = (
				3AD4904910A36FF000174A2C /* Headers */,
				3AD4905010A36FF000174A2C /* Resources */,
				3AD4905610A36FF000174A2C /* Sources */,
				3AD4905C10A36FF000174A2C /* Frameworks */,
				3AD4906010A36FF000174A2C /* Rez */,
				3AD4925110A3714000174A2C /* CopyFiles */,
			);
			buildRules = (
			);
			dependencies = (
			);
			name = GPGAppKit;
			productInstallPath = "$(HOME)/Library/Frameworks";
			productName = GPGAppKit;
			productReference = 3AD4906A10A36FF000174A2C /* GPGAppKit.framework */;
			productType = "com.apple.product-type.framework";
		};
/* End PBXNativeTarget section */

/* Begin PBXProject section */
		0867D690FE84028FC02AAC07 /* Project object */ = {
			isa = PBXProject;
			buildConfigurationList = 3A44910E10A3429B00E4AFFD /* Build configuration list for PBXProject "GPGAppKit" */;
			compatibilityVersion = "Xcode 3.2";
			hasScannedForEncodings = 1;
			knownRegions = (
				English,
				Japanese,
				French,
				German,
				Spanish,
				Italian,
				Swedish,
			);
			mainGroup = 0867D691FE84028FC02AAC07 /* GPGAppKit */;
			productRefGroup = 034768DFFF38A50411DB9C8B /* Products */;
			projectDirPath = "";
			projectReferences = (
				{
					ProductGroup = 3AB255CA10A3783600FB7B42 /* Products */;
					ProjectRef = 3AB255C910A3783600FB7B42 /* MacGPGME.xcodeproj */;
				},
			);
			projectRoot = "";
			targets = (
				3AD4904810A36FF000174A2C /* GPGAppKit */,
			);
		};
/* End PBXProject section */

/* Begin PBXReferenceProxy section */
		3AB255CE10A3783600FB7B42 /* MacGPGME.framework */ = {
			isa = PBXReferenceProxy;
			fileType = wrapper.framework;
			path = MacGPGME.framework;
			remoteRef = 3AB255CD10A3783600FB7B42 /* PBXContainerItemProxy */;
			sourceTree = BUILT_PRODUCTS_DIR;
		};
/* End PBXReferenceProxy section */

/* Begin PBXResourcesBuildPhase section */
		3AD4905010A36FF000174A2C /* Resources */ = {
			isa = PBXResourcesBuildPhase;
			buildActionMask = 2147483647;
			files = (
				3AD4905110A36FF000174A2C /* InfoPlist.strings in Resources */,
				3AD4905210A36FF000174A2C /* Localizable.strings in Resources */,
				3AD4905310A36FF000174A2C /* GPGMultiKeySelectionPanel.nib in Resources */,
				3AD4905410A36FF000174A2C /* GPGPassphrasePanel.nib in Resources */,
				3AD4905510A36FF000174A2C /* GPGSingleKeySelectionPanel.nib in Resources */,
			);
			runOnlyForDeploymentPostprocessing = 0;
		};
/* End PBXResourcesBuildPhase section */

/* Begin PBXRezBuildPhase section */
		3AD4906010A36FF000174A2C /* Rez */ = {
			isa = PBXRezBuildPhase;
			buildActionMask = 2147483647;
			files = (
			);
			runOnlyForDeploymentPostprocessing = 0;
		};
/* End PBXRezBuildPhase section */

/* Begin PBXSourcesBuildPhase section */
		3AD4905610A36FF000174A2C /* Sources */ = {
			isa = PBXSourcesBuildPhase;
			buildActionMask = 2147483647;
			files = (
				3AD4905710A36FF000174A2C /* GPGPassphrasePanelController.m in Sources */,
				3AD4905810A36FF000174A2C /* GPGAppKitDefines.m in Sources */,
				3AD4905910A36FF000174A2C /* GPGSingleKeySelectionPanelController.m in Sources */,
				3AD4905A10A36FF000174A2C /* GPGMultiKeySelectionPanelController.m in Sources */,
				3AD4905B10A36FF000174A2C /* GPGKeySelectionPanelController.m in Sources */,
			);
			runOnlyForDeploymentPostprocessing = 0;
		};
/* End PBXSourcesBuildPhase section */

/* Begin PBXVariantGroup section */
		089C1666FE841158C02AAC07 /* InfoPlist.strings */ = {
			isa = PBXVariantGroup;
			children = (
				089C1667FE841158C02AAC07 /* English */,
			);
			name = InfoPlist.strings;
			sourceTree = "<group>";
		};
		F53FB35A021F1D9B01174191 /* Localizable.strings */ = {
			isa = PBXVariantGroup;
			children = (
				F53FB35B021F1D9B01174191 /* English */,
			);
			name = Localizable.strings;
			sourceTree = "<group>";
		};
		F58A4EB00252448B01A8102A /* GPGMultiKeySelectionPanel.nib */ = {
			isa = PBXVariantGroup;
			children = (
				F58A4EB10252448B01A8102A /* English */,
			);
			name = GPGMultiKeySelectionPanel.nib;
			sourceTree = "<group>";
		};
		F58A4EB20252448B01A8102A /* GPGPassphrasePanel.nib */ = {
			isa = PBXVariantGroup;
			children = (
				F58A4EB30252448B01A8102A /* English */,
			);
			name = GPGPassphrasePanel.nib;
			sourceTree = "<group>";
		};
		F58A4EB40252448B01A8102A /* GPGSingleKeySelectionPanel.nib */ = {
			isa = PBXVariantGroup;
			children = (
				F58A4EB50252448B01A8102A /* English */,
			);
			name = GPGSingleKeySelectionPanel.nib;
			sourceTree = "<group>";
		};
/* End PBXVariantGroup section */

/* Begin XCBuildConfiguration section */
		3A44910010A3429B00E4AFFD /* EmbDevelopment */ = {
			isa = XCBuildConfiguration;
			buildSettings = {
				ARCHS = "$(ARCHS_STANDARD_64_BIT)";
				MACOSX_DEPLOYMENT_TARGET = 10.6;
				SDKROOT = macosx10.6;
				VALID_ARCHS = x86_64;
			};
			name = EmbDevelopment;
		};
		3A44910110A3429B00E4AFFD /* EmbDeployment */ = {
			isa = XCBuildConfiguration;
			buildSettings = {
				ARCHS = "$(ARCHS_STANDARD_64_BIT)";
				MACOSX_DEPLOYMENT_TARGET = 10.6;
				SDKROOT = macosx10.6;
				VALID_ARCHS = x86_64;
			};
			name = EmbDeployment;
		};
		3A44910210A3429B00E4AFFD /* Development Omni */ = {
			isa = XCBuildConfiguration;
			buildSettings = {
				ARCHS = "$(ARCHS_STANDARD_64_BIT)";
				MACOSX_DEPLOYMENT_TARGET = 10.6;
				SDKROOT = macosx10.6;
				VALID_ARCHS = x86_64;
			};
			name = "Development Omni";
		};
		3A44910310A3429B00E4AFFD /* Deployment Omni */ = {
			isa = XCBuildConfiguration;
			buildSettings = {
				ARCHS = "$(ARCHS_STANDARD_64_BIT)";
				MACOSX_DEPLOYMENT_TARGET = 10.6;
				SDKROOT = macosx10.6;
				VALID_ARCHS = x86_64;
			};
			name = "Deployment Omni";
		};
		3A44910410A3429B00E4AFFD /* Development */ = {
			isa = XCBuildConfiguration;
			buildSettings = {
				ARCHS = "$(ARCHS_STANDARD_64_BIT)";
				MACOSX_DEPLOYMENT_TARGET = 10.6;
				SDKROOT = macosx10.6;
				VALID_ARCHS = x86_64;
			};
			name = Development;
		};
		3A44910510A3429B00E4AFFD /* Deployment */ = {
			isa = XCBuildConfiguration;
			buildSettings = {
				ARCHS = "$(ARCHS_STANDARD_64_BIT)";
				MACOSX_DEPLOYMENT_TARGET = 10.6;
				SDKROOT = macosx10.6;
				VALID_ARCHS = x86_64;
			};
			name = Deployment;
		};
		3A44910610A3429B00E4AFFD /* Default */ = {
			isa = XCBuildConfiguration;
			buildSettings = {
				ARCHS = "$(ARCHS_STANDARD_64_BIT)";
				MACOSX_DEPLOYMENT_TARGET = 10.6;
				SDKROOT = macosx10.6;
				VALID_ARCHS = x86_64;
			};
			name = Default;
		};
		3AD4906210A36FF000174A2C /* EmbDevelopment */ = {
			isa = XCBuildConfiguration;
			buildSettings = {
				COPY_PHASE_STRIP = NO;
				DYLIB_COMPATIBILITY_VERSION = 1;
				DYLIB_CURRENT_VERSION = 1;
				FRAMEWORK_SEARCH_PATHS = (
					../GPGME/build,
					"$(HOME)/Library/Frameworks",
					"$(SRCROOT)/../MacGPGME/build/Release",
					"$(SRCROOT)/../OmniGroup/Frameworks/OmniAppKit/build/Release",
					"\"$(SRCROOT)/../GPGME/build/Release\"",
					"\"$(SRCROOT)/../Frameworks/OmniAppKit/build/Release\"",
				);
				FRAMEWORK_VERSION = A;
				GCC_OPTIMIZATION_LEVEL = 0;
				GCC_SYMBOLS_PRIVATE_EXTERN = NO;
				HEADER_SEARCH_PATHS = "";
				INFOPLIST_FILE = "Info-GPGAppKit__Upgraded_.plist";
				INSTALL_PATH = "@executable_path/../Frameworks";
				LIBRARY_SEARCH_PATHS = "";
				OTHER_CFLAGS = "";
				OTHER_LDFLAGS = (
					"-seg1addr",
					0x112000,
				);
				PREBINDING = NO;
				PRODUCT_NAME = GPGAppKit;
				SECTORDER_FLAGS = "";
				SKIP_INSTALL = YES;
				WARNING_CFLAGS = (
					"-Wmost",
					"-Wno-four-char-constants",
					"-Wno-unknown-pragmas",
				);
				WRAPPER_EXTENSION = framework;
			};
			name = EmbDevelopment;
		};
		3AD4906310A36FF000174A2C /* EmbDeployment */ = {
			isa = XCBuildConfiguration;
			buildSettings = {
				COPY_PHASE_STRIP = YES;
				DYLIB_COMPATIBILITY_VERSION = 1;
				DYLIB_CURRENT_VERSION = 1;
				FRAMEWORK_SEARCH_PATHS = (
					../GPGME/build,
					"$(HOME)/Library/Frameworks",
					"$(SRCROOT)/../MacGPGME/build/Release",
					"$(SRCROOT)/../OmniGroup/Frameworks/OmniAppKit/build/Release",
					"\"$(SRCROOT)/../GPGME/build/Release\"",
					"\"$(SRCROOT)/../Frameworks/OmniAppKit/build/Release\"",
				);
				FRAMEWORK_VERSION = A;
				GCC_OPTIMIZATION_LEVEL = s;
				GCC_SYMBOLS_PRIVATE_EXTERN = NO;
				HEADER_SEARCH_PATHS = "";
				INFOPLIST_FILE = "Info-GPGAppKit__Upgraded_.plist";
				INSTALL_PATH = "@executable_path/../Frameworks";
				LIBRARY_SEARCH_PATHS = "";
				OTHER_CFLAGS = "";
				OTHER_LDFLAGS = (
					"-seg1addr",
					0x112000,
				);
				PREBINDING = NO;
				PRODUCT_NAME = GPGAppKit;
				SECTORDER_FLAGS = "";
				SKIP_INSTALL = YES;
				WARNING_CFLAGS = (
					"-Wmost",
					"-Wno-four-char-constants",
					"-Wno-unknown-pragmas",
				);
				WRAPPER_EXTENSION = framework;
			};
			name = EmbDeployment;
		};
		3AD4906410A36FF000174A2C /* Development Omni */ = {
			isa = XCBuildConfiguration;
			buildSettings = {
				COPY_PHASE_STRIP = NO;
				DYLIB_COMPATIBILITY_VERSION = 1;
				DYLIB_CURRENT_VERSION = 1;
				FRAMEWORK_SEARCH_PATHS = (
					../GPGME/build,
					"$(HOME)/Library/Frameworks",
					"$(SRCROOT)/../MacGPGME/build/Release",
					"$(SRCROOT)/../OmniGroup/Frameworks/OmniAppKit/build/Release",
					"\"$(SRCROOT)/../GPGME/build/Release\"",
					"\"$(SRCROOT)/../Frameworks/OmniAppKit/build/Release\"",
				);
				FRAMEWORK_VERSION = A;
				GCC_OPTIMIZATION_LEVEL = 0;
				GCC_PREPROCESSOR_DEFINITIONS = USE_OMNI;
				GCC_SYMBOLS_PRIVATE_EXTERN = NO;
				HEADER_SEARCH_PATHS = "";
				INFOPLIST_FILE = "Info-GPGAppKit__Upgraded_.plist";
				INSTALL_PATH = "@executable_path/../Frameworks";
				LIBRARY_SEARCH_PATHS = "";
				OTHER_CFLAGS = "";
				OTHER_LDFLAGS = (
					"-seg1addr",
					0x112000,
				);
				PREBINDING = NO;
				PRODUCT_NAME = GPGAppKit;
				SECTORDER_FLAGS = "";
				SKIP_INSTALL = YES;
				WARNING_CFLAGS = (
					"-Wmost",
					"-Wno-four-char-constants",
					"-Wno-unknown-pragmas",
				);
				WRAPPER_EXTENSION = framework;
			};
			name = "Development Omni";
		};
		3AD4906510A36FF000174A2C /* Deployment Omni */ = {
			isa = XCBuildConfiguration;
			buildSettings = {
				COPY_PHASE_STRIP = YES;
				DYLIB_COMPATIBILITY_VERSION = 1;
				DYLIB_CURRENT_VERSION = 1;
				FRAMEWORK_SEARCH_PATHS = (
					../GPGME/build,
					"$(HOME)/Library/Frameworks",
					"$(SRCROOT)/../MacGPGME/build/Release",
					"$(SRCROOT)/../OmniGroup/Frameworks/OmniAppKit/build/Release",
					"\"$(SRCROOT)/../GPGME/build/Release\"",
					"\"$(SRCROOT)/../Frameworks/OmniAppKit/build/Release\"",
				);
				FRAMEWORK_VERSION = A;
				GCC_OPTIMIZATION_LEVEL = s;
				GCC_PREPROCESSOR_DEFINITIONS = USE_OMNI;
				GCC_SYMBOLS_PRIVATE_EXTERN = NO;
				HEADER_SEARCH_PATHS = "";
				INFOPLIST_FILE = "Info-GPGAppKit__Upgraded_.plist";
				INSTALL_PATH = "@executable_path/../Frameworks";
				LIBRARY_SEARCH_PATHS = "";
				OTHER_CFLAGS = "";
				OTHER_LDFLAGS = (
					"-seg1addr",
					0x112000,
				);
				PREBINDING = NO;
				PRODUCT_NAME = GPGAppKit;
				SECTORDER_FLAGS = "";
				SKIP_INSTALL = YES;
				WARNING_CFLAGS = (
					"-Wmost",
					"-Wno-four-char-constants",
					"-Wno-unknown-pragmas",
				);
				WRAPPER_EXTENSION = framework;
			};
			name = "Deployment Omni";
		};
		3AD4906610A36FF000174A2C /* Development */ = {
			isa = XCBuildConfiguration;
			buildSettings = {
				COPY_PHASE_STRIP = NO;
				DYLIB_COMPATIBILITY_VERSION = 1;
				DYLIB_CURRENT_VERSION = 1;
				FRAMEWORK_SEARCH_PATHS = (
					../GPGME/build,
					"$(HOME)/Library/Frameworks",
					"$(SRCROOT)/../MacGPGME/build/Release",
					"$(SRCROOT)/../OmniGroup/Frameworks/OmniAppKit/build/Release",
					"\"$(SRCROOT)/../GPGME/build/Release\"",
					"\"$(SRCROOT)/../Frameworks/OmniAppKit/build/Release\"",
				);
				FRAMEWORK_VERSION = A;
				GCC_DYNAMIC_NO_PIC = NO;
				GCC_ENABLE_FIX_AND_CONTINUE = YES;
				GCC_GENERATE_DEBUGGING_SYMBOLS = YES;
				GCC_OPTIMIZATION_LEVEL = 0;
				GCC_SYMBOLS_PRIVATE_EXTERN = NO;
				HEADER_SEARCH_PATHS = "";
				INFOPLIST_FILE = "Info-GPGAppKit__Upgraded_.plist";
				INSTALL_PATH = "$(HOME)/Library/Frameworks";
				LIBRARY_SEARCH_PATHS = "";
				OTHER_CFLAGS = "";
				OTHER_LDFLAGS = (
					"-seg1addr",
					0x112000,
				);
				PREBINDING = NO;
				PRODUCT_NAME = GPGAppKit;
				SECTORDER_FLAGS = "";
				WARNING_CFLAGS = (
					"-Wmost",
					"-Wno-four-char-constants",
					"-Wno-unknown-pragmas",
				);
				WRAPPER_EXTENSION = framework;
				ZERO_LINK = YES;
			};
			name = Development;
		};
		3AD4906710A36FF000174A2C /* Deployment */ = {
			isa = XCBuildConfiguration;
			buildSettings = {
				COPY_PHASE_STRIP = YES;
				DYLIB_COMPATIBILITY_VERSION = 1;
				DYLIB_CURRENT_VERSION = 1;
				FRAMEWORK_SEARCH_PATHS = (
					../GPGME/build,
					"$(HOME)/Library/Frameworks",
					"$(SRCROOT)/../MacGPGME/build/Release",
					"$(SRCROOT)/../OmniGroup/Frameworks/OmniAppKit/build/Release",
					"\"$(SRCROOT)/../GPGME/build/Release\"",
					"\"$(SRCROOT)/../Frameworks/OmniAppKit/build/Release\"",
				);
				FRAMEWORK_VERSION = A;
				GCC_ENABLE_FIX_AND_CONTINUE = NO;
				GCC_OPTIMIZATION_LEVEL = s;
				GCC_SYMBOLS_PRIVATE_EXTERN = NO;
				HEADER_SEARCH_PATHS = "";
				INFOPLIST_FILE = "Info-GPGAppKit__Upgraded_.plist";
				INSTALL_PATH = "$(HOME)/Library/Frameworks";
				LIBRARY_SEARCH_PATHS = "";
				OTHER_CFLAGS = "";
				OTHER_LDFLAGS = (
					"-seg1addr",
					0x112000,
				);
				PREBINDING = NO;
				PRODUCT_NAME = GPGAppKit;
				SECTORDER_FLAGS = "";
				WARNING_CFLAGS = (
					"-Wmost",
					"-Wno-four-char-constants",
					"-Wno-unknown-pragmas",
				);
				WRAPPER_EXTENSION = framework;
				ZERO_LINK = NO;
			};
			name = Deployment;
		};
		3AD4906810A36FF000174A2C /* Default */ = {
			isa = XCBuildConfiguration;
			buildSettings = {
				DYLIB_COMPATIBILITY_VERSION = 1;
				DYLIB_CURRENT_VERSION = 1;
				FRAMEWORK_SEARCH_PATHS = (
					../GPGME/build,
					"$(HOME)/Library/Frameworks",
					"$(SRCROOT)/../MacGPGME/build/Release",
					"$(SRCROOT)/../OmniGroup/Frameworks/OmniAppKit/build/Release",
					"\"$(SRCROOT)/../GPGME/build/Release\"",
					"\"$(SRCROOT)/../Frameworks/OmniAppKit/build/Release\"",
				);
				FRAMEWORK_VERSION = A;
				GCC_SYMBOLS_PRIVATE_EXTERN = NO;
				HEADER_SEARCH_PATHS = "";
				INFOPLIST_FILE = "Info-GPGAppKit__Upgraded_.plist";
				INSTALL_PATH = "$(HOME)/Library/Frameworks";
				LIBRARY_SEARCH_PATHS = "";
				OTHER_CFLAGS = "";
				OTHER_LDFLAGS = (
					"-seg1addr",
					0x112000,
				);
				PREBINDING = NO;
				PRODUCT_NAME = GPGAppKit;
				SECTORDER_FLAGS = "";
				WARNING_CFLAGS = (
					"-Wmost",
					"-Wno-four-char-constants",
					"-Wno-unknown-pragmas",
				);
				WRAPPER_EXTENSION = framework;
			};
			name = Default;
		};
/* End XCBuildConfiguration section */

/* Begin XCConfigurationList section */
		3A44910E10A3429B00E4AFFD /* Build configuration list for PBXProject "GPGAppKit" */ = {
			isa = XCConfigurationList;
			buildConfigurations = (
				3A44910010A3429B00E4AFFD /* EmbDevelopment */,
				3A44910110A3429B00E4AFFD /* EmbDeployment */,
				3A44910210A3429B00E4AFFD /* Development Omni */,
				3A44910310A3429B00E4AFFD /* Deployment Omni */,
				3A44910410A3429B00E4AFFD /* Development */,
				3A44910510A3429B00E4AFFD /* Deployment */,
				3A44910610A3429B00E4AFFD /* Default */,
			);
			defaultConfigurationIsVisible = 0;
			defaultConfigurationName = Default;
		};
		3AD4906110A36FF000174A2C /* Build configuration list for PBXNativeTarget "GPGAppKit" */ = {
			isa = XCConfigurationList;
			buildConfigurations = (
				3AD4906210A36FF000174A2C /* EmbDevelopment */,
				3AD4906310A36FF000174A2C /* EmbDeployment */,
				3AD4906410A36FF000174A2C /* Development Omni */,
				3AD4906510A36FF000174A2C /* Deployment Omni */,
				3AD4906610A36FF000174A2C /* Development */,
				3AD4906710A36FF000174A2C /* Deployment */,
				3AD4906810A36FF000174A2C /* Default */,
			);
			defaultConfigurationIsVisible = 0;
			defaultConfigurationName = Default;
		};
/* End XCConfigurationList section */
	};
	rootObject = 0867D690FE84028FC02AAC07 /* Project object */;
}
