
Microsoft Visual Studio Solution File, Format Version 9.00
# Visual Studio 2005
Project("{FAE04EC0-301F-11D3-BF4B-00C04F79EFBC}") = "COMP2690_Midterm", "COMP2690_Midterm\COMP2690_Midterm.csproj", "{0933777C-A36E-400A-BE14-79D8B520A294}"
EndProject
Global
	GlobalSection(SolutionConfigurationPlatforms) = preSolution
		Debug|Any CPU = Debug|Any CPU
		Release|Any CPU = Release|Any CPU
	EndGlobalSection
	GlobalSection(ProjectConfigurationPlatforms) = postSolution
		{0933777C-A36E-400A-BE14-79D8B520A294}.Debug|Any CPU.ActiveCfg = Debug|Any CPU
		{0933777C-A36E-400A-BE14-79D8B520A294}.Debug|Any CPU.Build.0 = Debug|Any CPU
		{0933777C-A36E-400A-BE14-79D8B520A294}.Release|Any CPU.ActiveCfg = Release|Any CPU
		{0933777C-A36E-400A-BE14-79D8B520A294}.Release|Any CPU.Build.0 = Release|Any CPU
	EndGlobalSection
	GlobalSection(SolutionProperties) = preSolution
		HideSolutionNode = FALSE
	EndGlobalSection
EndGlobal
