
Microsoft Visual Studio Solution File, Format Version 9.00
# Visual Studio 2005
Project("{FAE04EC0-301F-11D3-BF4B-00C04F79EFBC}") = "COMP2690_Ass04", "COMP2690_Ass04\COMP2690_Ass04.csproj", "{662DC4FE-95E8-4DB6-A015-706E75F7E2EC}"
EndProject
Global
	GlobalSection(SolutionConfigurationPlatforms) = preSolution
		Debug|Any CPU = Debug|Any CPU
		Release|Any CPU = Release|Any CPU
	EndGlobalSection
	GlobalSection(ProjectConfigurationPlatforms) = postSolution
		{662DC4FE-95E8-4DB6-A015-706E75F7E2EC}.Debug|Any CPU.ActiveCfg = Debug|Any CPU
		{662DC4FE-95E8-4DB6-A015-706E75F7E2EC}.Debug|Any CPU.Build.0 = Debug|Any CPU
		{662DC4FE-95E8-4DB6-A015-706E75F7E2EC}.Release|Any CPU.ActiveCfg = Release|Any CPU
		{662DC4FE-95E8-4DB6-A015-706E75F7E2EC}.Release|Any CPU.Build.0 = Release|Any CPU
	EndGlobalSection
	GlobalSection(SolutionProperties) = preSolution
		HideSolutionNode = FALSE
	EndGlobalSection
EndGlobal
