// !$*UTF8*$!
{
	archiveVersion = 1;
	classes = {
	};
	objectVersion = 46;
	objects = {

/* Begin PBXBuildFile section */
		3AC978B810A8C40B005121F9 /* GPGDocument.h in Headers */ = {isa = PBXBuildFile; fileRef = 2A37F4AEFDCFA73011CA2CEA /* GPGDocument.h */; };
		3AC978B910A8C40B005121F9 /* GPGFTController.h in Headers */ = {isa = PBXBuildFile; fileRef = F530C423025276AC0128824A /* GPGFTController.h */; };
		3AC978BA10A8C40B005121F9 /* GPGPrefController.h in Headers */ = {isa = PBXBuildFile; fileRef = F511FDFC02629B760128824A /* GPGPrefController.h */; };
		3AC978BB10A8C40B005121F9 /* LocalizableStrings.h in Headers */ = {isa = PBXBuildFile; fileRef = F571FE8802B61E510128824A /* LocalizableStrings.h */; };
		3AC978BC10A8C40B005121F9 /* NSString_GPGFTExtensions.h in Headers */ = {isa = PBXBuildFile; fileRef = F55C3B5903A3E2640100011D /* NSString_GPGFTExtensions.h */; };
		3AC978BE10A8C40B005121F9 /* MainMenu.nib in Resources */ = {isa = PBXBuildFile; fileRef = 2A37F4B6FDCFA73011CA2CEA /* MainMenu.nib */; };
		3AC978BF10A8C40B005121F9 /* GPGDocument.nib in Resources */ = {isa = PBXBuildFile; fileRef = 2A37F4B4FDCFA73011CA2CEA /* GPGDocument.nib */; };
		3AC978C010A8C40B005121F9 /* InfoPlist.strings in Resources */ = {isa = PBXBuildFile; fileRef = 089C165FFE840EACC02AAC07 /* InfoPlist.strings */; };
		3AC978C110A8C40B005121F9 /* Preferences.nib in Resources */ = {isa = PBXBuildFile; fileRef = F511FDFE02629B770128824A /* Preferences.nib */; };
		3AC978C210A8C40B005121F9 /* Credits.html in Resources */ = {isa = PBXBuildFile; fileRef = F5A9BC1602B6A2620128824A /* Credits.html */; };
		3AC978C310A8C40B005121F9 /* Localizable.strings in Resources */ = {isa = PBXBuildFile; fileRef = F571FE8C02B61F450128824A /* Localizable.strings */; };
		3AC978C410A8C40B005121F9 /* DocumentClearsigned.icns in Resources */ = {isa = PBXBuildFile; fileRef = F527162C03B3AE020100011D /* DocumentClearsigned.icns */; };
		3AC978C510A8C40B005121F9 /* DocumentDetachedSignature.icns in Resources */ = {isa = PBXBuildFile; fileRef = F527162D03B3AE020100011D /* DocumentDetachedSignature.icns */; };
		3AC978C610A8C40B005121F9 /* DocumentEncrypted.icns in Resources */ = {isa = PBXBuildFile; fileRef = F527162E03B3AE030100011D /* DocumentEncrypted.icns */; };
		3AC978C710A8C40B005121F9 /* DocumentEncryptedAndSigned.icns in Resources */ = {isa = PBXBuildFile; fileRef = F527162F03B3AE030100011D /* DocumentEncryptedAndSigned.icns */; };
		3AC978C810A8C40B005121F9 /* DocumentSigned.icns in Resources */ = {isa = PBXBuildFile; fileRef = F527163003B3AE030100011D /* DocumentSigned.icns */; };
		3AC978C910A8C40B005121F9 /* GPGFileTool.icns in Resources */ = {isa = PBXBuildFile; fileRef = F527163103B3AE030100011D /* GPGFileTool.icns */; };
		3AC978CC10A8C40B005121F9 /* Change Log.rtf in Resources */ = {isa = PBXBuildFile; fileRef = 7F7B955D042B5A4E0028F28B /* Change Log.rtf */; };
		3AC978CD10A8C40B005121F9 /* Read Me.rtf in Resources */ = {isa = PBXBuildFile; fileRef = 7F7B955E042B5A4E0028F28B /* Read Me.rtf */; };
		3AC978D710A8C40B005121F9 /* GPGDocument.m in Sources */ = {isa = PBXBuildFile; fileRef = 2A37F4ACFDCFA73011CA2CEA /* GPGDocument.m */; settings = {ATTRIBUTES = (); }; };
		3AC978D810A8C40B005121F9 /* main.m in Sources */ = {isa = PBXBuildFile; fileRef = 2A37F4B0FDCFA73011CA2CEA /* main.m */; settings = {ATTRIBUTES = (); }; };
		3AC978D910A8C40B005121F9 /* GPGFTController.m in Sources */ = {isa = PBXBuildFile; fileRef = F530C424025276AC0128824A /* GPGFTController.m */; };
		3AC978DA10A8C40B005121F9 /* GPGPrefController.m in Sources */ = {isa = PBXBuildFile; fileRef = F511FDFD02629B760128824A /* GPGPrefController.m */; };
		3AC978DB10A8C40B005121F9 /* LocalizableStrings.m in Sources */ = {isa = PBXBuildFile; fileRef = F571FE8902B61E510128824A /* LocalizableStrings.m */; };
		3AC978DC10A8C40B005121F9 /* GPGDocument_IBActions.m in Sources */ = {isa = PBXBuildFile; fileRef = F55C3AE103A3C1AF0100011D /* GPGDocument_IBActions.m */; };
		3AC978DD10A8C40B005121F9 /* GPGDocument_GnuPGActions.m in Sources */ = {isa = PBXBuildFile; fileRef = F55C3AE303A3C2220100011D /* GPGDocument_GnuPGActions.m */; };
		3AC978DE10A8C40B005121F9 /* GPGDocument_Utility.m in Sources */ = {isa = PBXBuildFile; fileRef = F55C3AE603A3C2800100011D /* GPGDocument_Utility.m */; };
		3AC978DF10A8C40B005121F9 /* NSString_GPGFTExtensions.m in Sources */ = {isa = PBXBuildFile; fileRef = F55C3B5A03A3E2640100011D /* NSString_GPGFTExtensions.m */; };
		3AC978E110A8C40B005121F9 /* Cocoa.framework in Frameworks */ = {isa = PBXBuildFile; fileRef = 1058C7A7FEA54F5311CA2CBB /* Cocoa.framework */; };
		3AC97CE810A8C4F1005121F9 /* MacGPGME.framework in Frameworks */ = {isa = PBXBuildFile; fileRef = 3AC97CE710A8C4F1005121F9 /* MacGPGME.framework */; };
/* End PBXBuildFile section */

/* Begin PBXCopyFilesBuildPhase section */
		3AC978E710A8C40B005121F9 /* CopyFiles */ = {
			isa = PBXCopyFilesBuildPhase;
			buildActionMask = 2147483647;
			dstPath = "";
			dstSubfolderSpec = 10;
			files = (
			);
			runOnlyForDeploymentPostprocessing = 0;
		};
/* End PBXCopyFilesBuildPhase section */

/* Begin PBXFileReference section */
		089C1660FE840EACC02AAC07 /* English */ = {isa = PBXFileReference; fileEncoding = 10; lastKnownFileType = text.plist.strings; name = English; path = English.lproj/InfoPlist.strings; sourceTree = "<group>"; };
		1058C7A7FEA54F5311CA2CBB /* Cocoa.framework */ = {isa = PBXFileReference; lastKnownFileType = wrapper.framework; name = Cocoa.framework; path = /System/Library/Frameworks/Cocoa.framework; sourceTree = "<absolute>"; };
		2A37F4ACFDCFA73011CA2CEA /* GPGDocument.m */ = {isa = PBXFileReference; fileEncoding = 4; lastKnownFileType = sourcecode.c.objc; path = GPGDocument.m; sourceTree = "<group>"; };
		2A37F4AEFDCFA73011CA2CEA /* GPGDocument.h */ = {isa = PBXFileReference; fileEncoding = 4; lastKnownFileType = sourcecode.c.h; path = GPGDocument.h; sourceTree = "<group>"; };
		2A37F4B0FDCFA73011CA2CEA /* main.m */ = {isa = PBXFileReference; fileEncoding = 4; lastKnownFileType = sourcecode.c.objc; path = main.m; sourceTree = "<group>"; };
		2A37F4B7FDCFA73011CA2CEA /* English */ = {isa = PBXFileReference; lastKnownFileType = wrapper.nib; name = English; path = English.lproj/MainMenu.nib; sourceTree = "<group>"; };
		2A37F4C4FDCFA73011CA2CEA /* AppKit.framework */ = {isa = PBXFileReference; lastKnownFileType = wrapper.framework; name = AppKit.framework; path = /System/Library/Frameworks/AppKit.framework; sourceTree = "<absolute>"; };
		2A37F4C5FDCFA73011CA2CEA /* Foundation.framework */ = {isa = PBXFileReference; lastKnownFileType = wrapper.framework; name = Foundation.framework; path = /System/Library/Frameworks/Foundation.framework; sourceTree = "<absolute>"; };
		3AC978EC10A8C40B005121F9 /* Info-GPGFileTool__Upgraded_.plist */ = {isa = PBXFileReference; lastKnownFileType = text.plist.xml; path = "Info-GPGFileTool__Upgraded_.plist"; sourceTree = "<group>"; };
		3AC978ED10A8C40B005121F9 /* GPGFileTool.app */ = {isa = PBXFileReference; explicitFileType = wrapper.application; includeInIndex = 0; path = GPGFileTool.app; sourceTree = BUILT_PRODUCTS_DIR; };
		3AC97CE710A8C4F1005121F9 /* MacGPGME.framework */ = {isa = PBXFileReference; lastKnownFileType = wrapper.framework; name = MacGPGME.framework; path = ../Frameworks/GPGME/build/Release/MacGPGME.framework; sourceTree = SOURCE_ROOT; };
		7F7B955D042B5A4E0028F28B /* Change Log.rtf */ = {isa = PBXFileReference; lastKnownFileType = text.rtf; path = "Change Log.rtf"; sourceTree = "<group>"; };
		7F7B955E042B5A4E0028F28B /* Read Me.rtf */ = {isa = PBXFileReference; lastKnownFileType = text.rtf; path = "Read Me.rtf"; sourceTree = "<group>"; };
		F511FDFC02629B760128824A /* GPGPrefController.h */ = {isa = PBXFileReference; fileEncoding = 4; lastKnownFileType = sourcecode.c.h; path = GPGPrefController.h; sourceTree = "<group>"; };
		F511FDFD02629B760128824A /* GPGPrefController.m */ = {isa = PBXFileReference; fileEncoding = 4; lastKnownFileType = sourcecode.c.objc; path = GPGPrefController.m; sourceTree = "<group>"; };
		F511FDFF02629B770128824A /* English */ = {isa = PBXFileReference; lastKnownFileType = wrapper.nib; name = English; path = English.lproj/Preferences.nib; sourceTree = "<group>"; };
		F527162C03B3AE020100011D /* DocumentClearsigned.icns */ = {isa = PBXFileReference; lastKnownFileType = image.icns; path = DocumentClearsigned.icns; sourceTree = "<group>"; };
		F527162D03B3AE020100011D /* DocumentDetachedSignature.icns */ = {isa = PBXFileReference; lastKnownFileType = image.icns; path = DocumentDetachedSignature.icns; sourceTree = "<group>"; };
		F527162E03B3AE030100011D /* DocumentEncrypted.icns */ = {isa = PBXFileReference; lastKnownFileType = image.icns; path = DocumentEncrypted.icns; sourceTree = "<group>"; };
		F527162F03B3AE030100011D /* DocumentEncryptedAndSigned.icns */ = {isa = PBXFileReference; lastKnownFileType = image.icns; path = DocumentEncryptedAndSigned.icns; sourceTree = "<group>"; };
		F527163003B3AE030100011D /* DocumentSigned.icns */ = {isa = PBXFileReference; lastKnownFileType = image.icns; path = DocumentSigned.icns; sourceTree = "<group>"; };
		F527163103B3AE030100011D /* GPGFileTool.icns */ = {isa = PBXFileReference; lastKnownFileType = image.icns; path = GPGFileTool.icns; sourceTree = "<group>"; };
		F530C423025276AC0128824A /* GPGFTController.h */ = {isa = PBXFileReference; fileEncoding = 4; lastKnownFileType = sourcecode.c.h; path = GPGFTController.h; sourceTree = "<group>"; };
		F530C424025276AC0128824A /* GPGFTController.m */ = {isa = PBXFileReference; fileEncoding = 4; lastKnownFileType = sourcecode.c.objc; path = GPGFTController.m; sourceTree = "<group>"; };
		F55C3AE103A3C1AF0100011D /* GPGDocument_IBActions.m */ = {isa = PBXFileReference; fileEncoding = 4; lastKnownFileType = sourcecode.c.objc; path = GPGDocument_IBActions.m; sourceTree = "<group>"; };
		F55C3AE303A3C2220100011D /* GPGDocument_GnuPGActions.m */ = {isa = PBXFileReference; fileEncoding = 4; lastKnownFileType = sourcecode.c.objc; path = GPGDocument_GnuPGActions.m; sourceTree = "<group>"; };
		F55C3AE603A3C2800100011D /* GPGDocument_Utility.m */ = {isa = PBXFileReference; fileEncoding = 4; lastKnownFileType = sourcecode.c.objc; path = GPGDocument_Utility.m; sourceTree = "<group>"; };
		F55C3B5903A3E2640100011D /* NSString_GPGFTExtensions.h */ = {isa = PBXFileReference; fileEncoding = 4; lastKnownFileType = sourcecode.c.h; path = NSString_GPGFTExtensions.h; sourceTree = "<group>"; };
		F55C3B5A03A3E2640100011D /* NSString_GPGFTExtensions.m */ = {isa = PBXFileReference; fileEncoding = 4; lastKnownFileType = sourcecode.c.objc; path = NSString_GPGFTExtensions.m; sourceTree = "<group>"; };
		F571FE8802B61E510128824A /* LocalizableStrings.h */ = {isa = PBXFileReference; fileEncoding = 4; lastKnownFileType = sourcecode.c.h; path = LocalizableStrings.h; sourceTree = "<group>"; };
		F571FE8902B61E510128824A /* LocalizableStrings.m */ = {isa = PBXFileReference; fileEncoding = 4; lastKnownFileType = sourcecode.c.objc; path = LocalizableStrings.m; sourceTree = "<group>"; };
		F571FE8D02B61F450128824A /* English */ = {isa = PBXFileReference; fileEncoding = 4; lastKnownFileType = text.plist.strings; name = English; path = English.lproj/Localizable.strings; sourceTree = "<group>"; };
		F5A9BC1702B6A2620128824A /* English */ = {isa = PBXFileReference; fileEncoding = 4; lastKnownFileType = text.html; name = English; path = English.lproj/Credits.html; sourceTree = "<group>"; };
		F5C8211C02FF680901000104 /* English */ = {isa = PBXFileReference; lastKnownFileType = wrapper.nib; name = English; path = English.lproj/GPGDocument.nib; sourceTree = "<group>"; };
		F5D07E980392CF8F012884B0 /* TODO.ooutline */ = {isa = PBXFileReference; lastKnownFileType = text.xml; path = TODO.ooutline; sourceTree = "<group>"; };
/* End PBXFileReference section */

/* Begin PBXFrameworksBuildPhase section */
		3AC978E010A8C40B005121F9 /* Frameworks */ = {
			isa = PBXFrameworksBuildPhase;
			buildActionMask = 2147483647;
			files = (
				3AC978E110A8C40B005121F9 /* Cocoa.framework in Frameworks */,
				3AC97CE810A8C4F1005121F9 /* MacGPGME.framework in Frameworks */,
			);
			runOnlyForDeploymentPostprocessing = 0;
		};
/* End PBXFrameworksBuildPhase section */

/* Begin PBXGroup section */
		1058C7A6FEA54F5311CA2CBB /* Linked Frameworks */ = {
			isa = PBXGroup;
			children = (
				3AC97CE710A8C4F1005121F9 /* MacGPGME.framework */,
				1058C7A7FEA54F5311CA2CBB /* Cocoa.framework */,
			);
			name = "Linked Frameworks";
			sourceTree = "<group>";
		};
		1058C7A8FEA54F5311CA2CBB /* Other Frameworks */ = {
			isa = PBXGroup;
			children = (
				2A37F4C5FDCFA73011CA2CEA /* Foundation.framework */,
				2A37F4C4FDCFA73011CA2CEA /* AppKit.framework */,
			);
			name = "Other Frameworks";
			sourceTree = "<group>";
		};
		19C28FB0FE9D524F11CA2CBB /* Products */ = {
			isa = PBXGroup;
			children = (
				3AC978ED10A8C40B005121F9 /* GPGFileTool.app */,
			);
			name = Products;
			sourceTree = "<group>";
		};
		2A37F4AAFDCFA73011CA2CEA /* GPGDropThing Deux */ = {
			isa = PBXGroup;
			children = (
				2A37F4ABFDCFA73011CA2CEA /* Classes */,
				2A37F4AFFDCFA73011CA2CEA /* Other Sources */,
				F5D07E980392CF8F012884B0 /* TODO.ooutline */,
				7F7B9557042B5A4E0028F28B /* Documentation */,
				2A37F4B8FDCFA73011CA2CEA /* Resources */,
				2A37F4C3FDCFA73011CA2CEA /* Frameworks */,
				19C28FB0FE9D524F11CA2CBB /* Products */,
			);
			name = "GPGDropThing Deux";
			sourceTree = "<group>";
		};
		2A37F4ABFDCFA73011CA2CEA /* Classes */ = {
			isa = PBXGroup;
			children = (
				F55C3B5203A3DFE10100011D /* GPGDocument */,
				F530C423025276AC0128824A /* GPGFTController.h */,
				F530C424025276AC0128824A /* GPGFTController.m */,
				F511FDFC02629B760128824A /* GPGPrefController.h */,
				F511FDFD02629B760128824A /* GPGPrefController.m */,
				F55C3B5903A3E2640100011D /* NSString_GPGFTExtensions.h */,
				F55C3B5A03A3E2640100011D /* NSString_GPGFTExtensions.m */,
			);
			name = Classes;
			sourceTree = "<group>";
		};
		2A37F4AFFDCFA73011CA2CEA /* Other Sources */ = {
			isa = PBXGroup;
			children = (
				2A37F4B0FDCFA73011CA2CEA /* main.m */,
				F571FE8802B61E510128824A /* LocalizableStrings.h */,
				F571FE8902B61E510128824A /* LocalizableStrings.m */,
			);
			name = "Other Sources";
			sourceTree = "<group>";
		};
		2A37F4B8FDCFA73011CA2CEA /* Resources */ = {
			isa = PBXGroup;
			children = (
				3AC978EC10A8C40B005121F9 /* Info-GPGFileTool__Upgraded_.plist */,
				F5A9BC1602B6A2620128824A /* Credits.html */,
				2A37F4B6FDCFA73011CA2CEA /* MainMenu.nib */,
				2A37F4B4FDCFA73011CA2CEA /* GPGDocument.nib */,
				F511FDFE02629B770128824A /* Preferences.nib */,
				089C165FFE840EACC02AAC07 /* InfoPlist.strings */,
				F571FE8C02B61F450128824A /* Localizable.strings */,
				F527162C03B3AE020100011D /* DocumentClearsigned.icns */,
				F527162D03B3AE020100011D /* DocumentDetachedSignature.icns */,
				F527162E03B3AE030100011D /* DocumentEncrypted.icns */,
				F527162F03B3AE030100011D /* DocumentEncryptedAndSigned.icns */,
				F527163003B3AE030100011D /* DocumentSigned.icns */,
				F527163103B3AE030100011D /* GPGFileTool.icns */,
			);
			name = Resources;
			sourceTree = "<group>";
		};
		2A37F4C3FDCFA73011CA2CEA /* Frameworks */ = {
			isa = PBXGroup;
			children = (
				1058C7A6FEA54F5311CA2CBB /* Linked Frameworks */,
				1058C7A8FEA54F5311CA2CBB /* Other Frameworks */,
			);
			name = Frameworks;
			sourceTree = "<group>";
		};
		7F7B9557042B5A4E0028F28B /* Documentation */ = {
			isa = PBXGroup;
			children = (
				7F7B955C042B5A4E0028F28B /* English */,
			);
			path = Documentation;
			sourceTree = "<group>";
		};
		7F7B955C042B5A4E0028F28B /* English */ = {
			isa = PBXGroup;
			children = (
				7F7B955D042B5A4E0028F28B /* Change Log.rtf */,
				7F7B955E042B5A4E0028F28B /* Read Me.rtf */,
			);
			path = English;
			sourceTree = "<group>";
		};
		F55C3B5203A3DFE10100011D /* GPGDocument */ = {
			isa = PBXGroup;
			children = (
				2A37F4AEFDCFA73011CA2CEA /* GPGDocument.h */,
				2A37F4ACFDCFA73011CA2CEA /* GPGDocument.m */,
				F55C3AE103A3C1AF0100011D /* GPGDocument_IBActions.m */,
				F55C3AE303A3C2220100011D /* GPGDocument_GnuPGActions.m */,
				F55C3AE603A3C2800100011D /* GPGDocument_Utility.m */,
			);
			name = GPGDocument;
			sourceTree = "<group>";
		};
/* End PBXGroup section */

/* Begin PBXHeadersBuildPhase section */
		3AC978B710A8C40B005121F9 /* Headers */ = {
			isa = PBXHeadersBuildPhase;
			buildActionMask = 2147483647;
			files = (
				3AC978B810A8C40B005121F9 /* GPGDocument.h in Headers */,
				3AC978B910A8C40B005121F9 /* GPGFTController.h in Headers */,
				3AC978BA10A8C40B005121F9 /* GPGPrefController.h in Headers */,
				3AC978BB10A8C40B005121F9 /* LocalizableStrings.h in Headers */,
				3AC978BC10A8C40B005121F9 /* NSString_GPGFTExtensions.h in Headers */,
			);
			runOnlyForDeploymentPostprocessing = 0;
		};
/* End PBXHeadersBuildPhase section */

/* Begin PBXNativeTarget section */
		3AC978B610A8C40B005121F9 /* GPGFileTool */ = {
			isa = PBXNativeTarget;
			buildConfigurationList = 3AC978E810A8C40B005121F9 /* Build configuration list for PBXNativeTarget "GPGFileTool" */;
			buildPhases = (
				3AC978B710A8C40B005121F9 /* Headers */,
				3AC978BD10A8C40B005121F9 /* Resources */,
				3AC978D610A8C40B005121F9 /* Sources */,
				3AC978E010A8C40B005121F9 /* Frameworks */,
				3AC978E710A8C40B005121F9 /* CopyFiles */,
			);
			buildRules = (
			);
			dependencies = (
			);
			name = GPGFileTool;
			productInstallPath = "$(HOME)/Applications";
			productName = "GPGDropThing Deux";
			productReference = 3AC978ED10A8C40B005121F9 /* GPGFileTool.app */;
			productType = "com.apple.product-type.application";
		};
/* End PBXNativeTarget section */

/* Begin PBXProject section */
		2A37F4A9FDCFA73011CA2CEA /* Project object */ = {
			isa = PBXProject;
			buildConfigurationList = 3A9E70DA10A8C2CE000FCC4B /* Build configuration list for PBXProject "GPGFileTool" */;
			compatibilityVersion = "Xcode 3.2";
			hasScannedForEncodings = 1;
			knownRegions = (
				English,
				Japanese,
				French,
				German,
				Spanish,
				Italian,
				Swedish,
			);
			mainGroup = 2A37F4AAFDCFA73011CA2CEA /* GPGDropThing Deux */;
			projectDirPath = "";
			projectRoot = "";
			targets = (
				3AC978B610A8C40B005121F9 /* GPGFileTool */,
			);
		};
/* End PBXProject section */

/* Begin PBXResourcesBuildPhase section */
		3AC978BD10A8C40B005121F9 /* Resources */ = {
			isa = PBXResourcesBuildPhase;
			buildActionMask = 2147483647;
			files = (
				3AC978BE10A8C40B005121F9 /* MainMenu.nib in Resources */,
				3AC978BF10A8C40B005121F9 /* GPGDocument.nib in Resources */,
				3AC978C010A8C40B005121F9 /* InfoPlist.strings in Resources */,
				3AC978C110A8C40B005121F9 /* Preferences.nib in Resources */,
				3AC978C210A8C40B005121F9 /* Credits.html in Resources */,
				3AC978C310A8C40B005121F9 /* Localizable.strings in Resources */,
				3AC978C410A8C40B005121F9 /* DocumentClearsigned.icns in Resources */,
				3AC978C510A8C40B005121F9 /* DocumentDetachedSignature.icns in Resources */,
				3AC978C610A8C40B005121F9 /* DocumentEncrypted.icns in Resources */,
				3AC978C710A8C40B005121F9 /* DocumentEncryptedAndSigned.icns in Resources */,
				3AC978C810A8C40B005121F9 /* DocumentSigned.icns in Resources */,
				3AC978C910A8C40B005121F9 /* GPGFileTool.icns in Resources */,
				3AC978CC10A8C40B005121F9 /* Change Log.rtf in Resources */,
				3AC978CD10A8C40B005121F9 /* Read Me.rtf in Resources */,
			);
			runOnlyForDeploymentPostprocessing = 0;
		};
/* End PBXResourcesBuildPhase section */

/* Begin PBXSourcesBuildPhase section */
		3AC978D610A8C40B005121F9 /* Sources */ = {
			isa = PBXSourcesBuildPhase;
			buildActionMask = 2147483647;
			files = (
				3AC978D710A8C40B005121F9 /* GPGDocument.m in Sources */,
				3AC978D810A8C40B005121F9 /* main.m in Sources */,
				3AC978D910A8C40B005121F9 /* GPGFTController.m in Sources */,
				3AC978DA10A8C40B005121F9 /* GPGPrefController.m in Sources */,
				3AC978DB10A8C40B005121F9 /* LocalizableStrings.m in Sources */,
				3AC978DC10A8C40B005121F9 /* GPGDocument_IBActions.m in Sources */,
				3AC978DD10A8C40B005121F9 /* GPGDocument_GnuPGActions.m in Sources */,
				3AC978DE10A8C40B005121F9 /* GPGDocument_Utility.m in Sources */,
				3AC978DF10A8C40B005121F9 /* NSString_GPGFTExtensions.m in Sources */,
			);
			runOnlyForDeploymentPostprocessing = 0;
		};
/* End PBXSourcesBuildPhase section */

/* Begin PBXVariantGroup section */
		089C165FFE840EACC02AAC07 /* InfoPlist.strings */ = {
			isa = PBXVariantGroup;
			children = (
				089C1660FE840EACC02AAC07 /* English */,
			);
			name = InfoPlist.strings;
			sourceTree = "<group>";
		};
		2A37F4B4FDCFA73011CA2CEA /* GPGDocument.nib */ = {
			isa = PBXVariantGroup;
			children = (
				F5C8211C02FF680901000104 /* English */,
			);
			name = GPGDocument.nib;
			sourceTree = "<group>";
		};
		2A37F4B6FDCFA73011CA2CEA /* MainMenu.nib */ = {
			isa = PBXVariantGroup;
			children = (
				2A37F4B7FDCFA73011CA2CEA /* English */,
			);
			name = MainMenu.nib;
			sourceTree = "<group>";
		};
		F511FDFE02629B770128824A /* Preferences.nib */ = {
			isa = PBXVariantGroup;
			children = (
				F511FDFF02629B770128824A /* English */,
			);
			name = Preferences.nib;
			sourceTree = "<group>";
		};
		F571FE8C02B61F450128824A /* Localizable.strings */ = {
			isa = PBXVariantGroup;
			children = (
				F571FE8D02B61F450128824A /* English */,
			);
			name = Localizable.strings;
			sourceTree = "<group>";
		};
		F5A9BC1602B6A2620128824A /* Credits.html */ = {
			isa = PBXVariantGroup;
			children = (
				F5A9BC1702B6A2620128824A /* English */,
			);
			name = Credits.html;
			sourceTree = "<group>";
		};
/* End PBXVariantGroup section */

/* Begin XCBuildConfiguration section */
		3A9E70D410A8C2CE000FCC4B /* Development */ = {
			isa = XCBuildConfiguration;
			buildSettings = {
				ARCHS = "$(ARCHS_STANDARD_64_BIT)";
				GCC_VERSION = "";
				MACOSX_DEPLOYMENT_TARGET = 10.6;
				ONLY_ACTIVE_ARCH = NO;
				SDKROOT = macosx10.6;
				VALID_ARCHS = x86_64;
			};
			name = Development;
		};
		3A9E70D510A8C2CE000FCC4B /* Deployment */ = {
			isa = XCBuildConfiguration;
			buildSettings = {
				ARCHS = "$(ARCHS_STANDARD_64_BIT)";
				GCC_VERSION = "";
				MACOSX_DEPLOYMENT_TARGET = 10.6;
				ONLY_ACTIVE_ARCH = NO;
				SDKROOT = macosx10.6;
				VALID_ARCHS = x86_64;
			};
			name = Deployment;
		};
		3A9E70D610A8C2CE000FCC4B /* Default */ = {
			isa = XCBuildConfiguration;
			buildSettings = {
				ARCHS = "$(ARCHS_STANDARD_64_BIT)";
				GCC_VERSION = "";
				MACOSX_DEPLOYMENT_TARGET = 10.6;
				ONLY_ACTIVE_ARCH = NO;
				SDKROOT = macosx10.6;
				VALID_ARCHS = x86_64;
			};
			name = Default;
		};
		3AC978E910A8C40B005121F9 /* Development */ = {
			isa = XCBuildConfiguration;
			buildSettings = {
				COPY_PHASE_STRIP = NO;
				FRAMEWORK_SEARCH_PATHS = (
					../GPGME/build,
					../GPGAppKit/build,
					/Users/redbird/Library/Frameworks,
					/Users/redbird/Developer/macgpgcvs/GPGAppKit/build,
					"\\\"$(SRCROOT)/../Frameworks/Frameworks/OmniAppKit/build/Release\\\"",
					"\\\"$(SRCROOT)/../Frameworks/Frameworks/OmniFoundation/build/Release\\\"",
					"\\\"$(SRCROOT)/../Frameworks/Frameworks/OmniBase/build/Release\\\"",
					"\\\"$(SRCROOT)/../Frameworks/GPGAppKit/build/Default\\\"",
					"\\\"$(SRCROOT)/../Frameworks/GPGME/build/Release\\\"",
					"\"$(SRCROOT)/../Frameworks/GPGME/build/Release\"",
					"\"$(SRCROOT)/../Frameworks/Frameworks/OmniFoundation/build/Release\"",
					"\"$(SRCROOT)/../Frameworks/Frameworks/OmniBase/build/Release\"",
					"\"$(SRCROOT)/../Frameworks/Frameworks/OmniAppKit/build/Release\"",
					"\"$(SRCROOT)/../Frameworks/GPGAppKit/build/Default\"",
				);
				GCC_DYNAMIC_NO_PIC = NO;
				GCC_ENABLE_FIX_AND_CONTINUE = YES;
				GCC_GENERATE_DEBUGGING_SYMBOLS = YES;
				GCC_OPTIMIZATION_LEVEL = 0;
				GCC_SYMBOLS_PRIVATE_EXTERN = NO;
				HEADER_SEARCH_PATHS = "";
				INFOPLIST_FILE = "Info-GPGFileTool__Upgraded_.plist";
				INSTALL_PATH = "$(HOME)/Applications";
				LIBRARY_SEARCH_PATHS = "";
				OTHER_CFLAGS = "";
				OTHER_LDFLAGS = "";
				PREBINDING = NO;
				PRODUCT_NAME = GPGFileTool;
				SECTORDER_FLAGS = "";
				WARNING_CFLAGS = (
					"-Wmost",
					"-Wno-four-char-constants",
					"-Wno-unknown-pragmas",
				);
				WRAPPER_EXTENSION = app;
				ZERO_LINK = YES;
			};
			name = Development;
		};
		3AC978EA10A8C40B005121F9 /* Deployment */ = {
			isa = XCBuildConfiguration;
			buildSettings = {
				COPY_PHASE_STRIP = YES;
				FRAMEWORK_SEARCH_PATHS = (
					../GPGME/build,
					../GPGAppKit/build,
					/Users/redbird/Library/Frameworks,
					/Users/redbird/Developer/macgpgcvs/GPGAppKit/build,
					"\\\"$(SRCROOT)/../Frameworks/Frameworks/OmniAppKit/build/Release\\\"",
					"\\\"$(SRCROOT)/../Frameworks/Frameworks/OmniFoundation/build/Release\\\"",
					"\\\"$(SRCROOT)/../Frameworks/Frameworks/OmniBase/build/Release\\\"",
					"\\\"$(SRCROOT)/../Frameworks/GPGAppKit/build/Default\\\"",
					"\\\"$(SRCROOT)/../Frameworks/GPGME/build/Release\\\"",
					"\"$(SRCROOT)/../Frameworks/GPGME/build/Release\"",
					"\"$(SRCROOT)/../Frameworks/Frameworks/OmniFoundation/build/Release\"",
					"\"$(SRCROOT)/../Frameworks/Frameworks/OmniBase/build/Release\"",
					"\"$(SRCROOT)/../Frameworks/Frameworks/OmniAppKit/build/Release\"",
					"\"$(SRCROOT)/../Frameworks/GPGAppKit/build/Default\"",
				);
				GCC_ENABLE_FIX_AND_CONTINUE = NO;
				GCC_SYMBOLS_PRIVATE_EXTERN = NO;
				HEADER_SEARCH_PATHS = "";
				INFOPLIST_FILE = "Info-GPGFileTool__Upgraded_.plist";
				INSTALL_PATH = "$(HOME)/Applications";
				LIBRARY_SEARCH_PATHS = "";
				OTHER_CFLAGS = "";
				OTHER_LDFLAGS = "";
				PREBINDING = NO;
				PRODUCT_NAME = GPGFileTool;
				SECTORDER_FLAGS = "";
				WARNING_CFLAGS = (
					"-Wmost",
					"-Wno-four-char-constants",
					"-Wno-unknown-pragmas",
				);
				WRAPPER_EXTENSION = app;
				ZERO_LINK = NO;
			};
			name = Deployment;
		};
		3AC978EB10A8C40B005121F9 /* Default */ = {
			isa = XCBuildConfiguration;
			buildSettings = {
				FRAMEWORK_SEARCH_PATHS = (
					../GPGME/build,
					../GPGAppKit/build,
					/Users/redbird/Library/Frameworks,
					/Users/redbird/Developer/macgpgcvs/GPGAppKit/build,
					"\\\"$(SRCROOT)/../Frameworks/Frameworks/OmniAppKit/build/Release\\\"",
					"\\\"$(SRCROOT)/../Frameworks/Frameworks/OmniFoundation/build/Release\\\"",
					"\\\"$(SRCROOT)/../Frameworks/Frameworks/OmniBase/build/Release\\\"",
					"\\\"$(SRCROOT)/../Frameworks/GPGAppKit/build/Default\\\"",
					"\\\"$(SRCROOT)/../Frameworks/GPGME/build/Release\\\"",
					"\"$(SRCROOT)/../Frameworks/GPGME/build/Release\"",
					"\"$(SRCROOT)/../Frameworks/Frameworks/OmniFoundation/build/Release\"",
					"\"$(SRCROOT)/../Frameworks/Frameworks/OmniBase/build/Release\"",
					"\"$(SRCROOT)/../Frameworks/Frameworks/OmniAppKit/build/Release\"",
					"\"$(SRCROOT)/../Frameworks/GPGAppKit/build/Default\"",
				);
				GCC_SYMBOLS_PRIVATE_EXTERN = NO;
				HEADER_SEARCH_PATHS = "";
				INFOPLIST_FILE = "Info-GPGFileTool__Upgraded_.plist";
				INSTALL_PATH = "$(HOME)/Applications";
				LIBRARY_SEARCH_PATHS = "";
				OTHER_CFLAGS = "";
				OTHER_LDFLAGS = "";
				PREBINDING = NO;
				PRODUCT_NAME = GPGFileTool;
				SECTORDER_FLAGS = "";
				WARNING_CFLAGS = (
					"-Wmost",
					"-Wno-four-char-constants",
					"-Wno-unknown-pragmas",
				);
				WRAPPER_EXTENSION = app;
			};
			name = Default;
		};
/* End XCBuildConfiguration section */

/* Begin XCConfigurationList section */
		3A9E70DA10A8C2CE000FCC4B /* Build configuration list for PBXProject "GPGFileTool" */ = {
			isa = XCConfigurationList;
			buildConfigurations = (
				3A9E70D410A8C2CE000FCC4B /* Development */,
				3A9E70D510A8C2CE000FCC4B /* Deployment */,
				3A9E70D610A8C2CE000FCC4B /* Default */,
			);
			defaultConfigurationIsVisible = 0;
			defaultConfigurationName = Default;
		};
		3AC978E810A8C40B005121F9 /* Build configuration list for PBXNativeTarget "GPGFileTool" */ = {
			isa = XCConfigurationList;
			buildConfigurations = (
				3AC978E910A8C40B005121F9 /* Development */,
				3AC978EA10A8C40B005121F9 /* Deployment */,
				3AC978EB10A8C40B005121F9 /* Default */,
			);
			defaultConfigurationIsVisible = 0;
			defaultConfigurationName = Default;
		};
/* End XCConfigurationList section */
	};
	rootObject = 2A37F4A9FDCFA73011CA2CEA /* Project object */;
}
