
Microsoft Visual Studio Solution File, Format Version 10.00
# Visual Studio 2008
Project("{FAE04EC0-301F-11D3-BF4B-00C04F79EFBC}") = "CreateFile", "CreateFile\CreateFile.csproj", "{C25A8A30-D7A3-4C9D-9A2C-DCF3A61AE03F}"
EndProject
Global
	GlobalSection(SubversionScc) = preSolution
		Svn-Managed = True
		Manager = AnkhSVN - Subversion Support for Visual Studio
	EndGlobalSection
	GlobalSection(SolutionConfigurationPlatforms) = preSolution
		Debug|Any CPU = Debug|Any CPU
		Release|Any CPU = Release|Any CPU
	EndGlobalSection
	GlobalSection(ProjectConfigurationPlatforms) = postSolution
		{C25A8A30-D7A3-4C9D-9A2C-DCF3A61AE03F}.Debug|Any CPU.ActiveCfg = Debug|Any CPU
		{C25A8A30-D7A3-4C9D-9A2C-DCF3A61AE03F}.Debug|Any CPU.Build.0 = Debug|Any CPU
		{C25A8A30-D7A3-4C9D-9A2C-DCF3A61AE03F}.Release|Any CPU.ActiveCfg = Release|Any CPU
		{C25A8A30-D7A3-4C9D-9A2C-DCF3A61AE03F}.Release|Any CPU.Build.0 = Release|Any CPU
	EndGlobalSection
	GlobalSection(SolutionProperties) = preSolution
		HideSolutionNode = FALSE
	EndGlobalSection
EndGlobal
