
Microsoft Visual Studio Solution File, Format Version 9.00
# Visual Studio 2005
Project("{FAE04EC0-301F-11D3-BF4B-00C04F79EFBC}") = "FinalExamGUI", "FinalExamGUI\FinalExamGUI.csproj", "{868C0BC9-7C59-4B5D-8941-F697D70DD1C8}"
EndProject
Global
	GlobalSection(SolutionConfigurationPlatforms) = preSolution
		Debug|Any CPU = Debug|Any CPU
		Release|Any CPU = Release|Any CPU
	EndGlobalSection
	GlobalSection(ProjectConfigurationPlatforms) = postSolution
		{868C0BC9-7C59-4B5D-8941-F697D70DD1C8}.Debug|Any CPU.ActiveCfg = Debug|Any CPU
		{868C0BC9-7C59-4B5D-8941-F697D70DD1C8}.Debug|Any CPU.Build.0 = Debug|Any CPU
		{868C0BC9-7C59-4B5D-8941-F697D70DD1C8}.Release|Any CPU.ActiveCfg = Release|Any CPU
		{868C0BC9-7C59-4B5D-8941-F697D70DD1C8}.Release|Any CPU.Build.0 = Release|Any CPU
	EndGlobalSection
	GlobalSection(SolutionProperties) = preSolution
		HideSolutionNode = FALSE
	EndGlobalSection
EndGlobal
