
Microsoft Visual Studio Solution File, Format Version 9.00
# Visual Studio 2005
Project("{FAE04EC0-301F-11D3-BF4B-00C04F79EFBC}") = "COMP2690_Ass01", "COMP2690_Ass01\COMP2690_Ass01.csproj", "{E3816391-2B48-4AE3-A676-7D0FCF6CDFBC}"
EndProject
Global
	GlobalSection(SolutionConfigurationPlatforms) = preSolution
		Debug|Any CPU = Debug|Any CPU
		Release|Any CPU = Release|Any CPU
	EndGlobalSection
	GlobalSection(ProjectConfigurationPlatforms) = postSolution
		{E3816391-2B48-4AE3-A676-7D0FCF6CDFBC}.Debug|Any CPU.ActiveCfg = Debug|Any CPU
		{E3816391-2B48-4AE3-A676-7D0FCF6CDFBC}.Debug|Any CPU.Build.0 = Debug|Any CPU
		{E3816391-2B48-4AE3-A676-7D0FCF6CDFBC}.Release|Any CPU.ActiveCfg = Release|Any CPU
		{E3816391-2B48-4AE3-A676-7D0FCF6CDFBC}.Release|Any CPU.Build.0 = Release|Any CPU
	EndGlobalSection
	GlobalSection(SolutionProperties) = preSolution
		HideSolutionNode = FALSE
	EndGlobalSection
EndGlobal
