Microsoft Visual Studio Solution File, Format Version 9.00
# Visual Studio 2005
Project("{FAE04EC0-301F-11D3-BF4B-00C04F79EFBC}") = "UsingDelegates", "UsingDelegates.csproj", "{5A441EB9-739F-4775-8410-09F94488759D}"
EndProject
Global
	GlobalSection(SolutionConfigurationPlatforms) = preSolution
		Debug|Any CPU = Debug|Any CPU
		Release|Any CPU = Release|Any CPU
	EndGlobalSection
	GlobalSection(ProjectConfigurationPlatforms) = postSolution
		{5A441EB9-739F-4775-8410-09F94488759D}.Debug|Any CPU.ActiveCfg = Debug|Any CPU
		{5A441EB9-739F-4775-8410-09F94488759D}.Debug|Any CPU.Build.0 = Debug|Any CPU
		{5A441EB9-739F-4775-8410-09F94488759D}.Release|Any CPU.ActiveCfg = Release|Any CPU
		{5A441EB9-739F-4775-8410-09F94488759D}.Release|Any CPU.Build.0 = Release|Any CPU
	EndGlobalSection
	GlobalSection(SolutionProperties) = preSolution
		HideSolutionNode = FALSE
	EndGlobalSection
EndGlobal
