// !$*UTF8*$!
{
	archiveVersion = 1;
	classes = {
	};
	objectVersion = 39;
	objects = {
		080E96DCFE201CFB7F000001 = {
			fileRef = 29B97318FDCFA39411CA2CEA;
			isa = PBXBuildFile;
			settings = {
			};
		};
		080E96DDFE201D6D7F000001 = {
			children = (
				48071B89076BD7E400889098,
				48071B8A076BD7E400889098,
				488FE7FC04A86A4B00329DD6,
				488FE7FD04A86A4B00329DD6,
				F5CD783501B3557601A80109,
				F5CD782E01B3557601A80109,
				F5563A99029D9B6501612340,
				F5563A9A029D9B6501612340,
				F52606B602160A670128824A,
				F52606B502160A670128824A,
				F5CD783601B3557601A80109,
				F5CD782F01B3557601A80109,
				4862DE4204A4866100000102,
				4862DE4304A4866100000102,
				4847BB5304A49F1800000102,
				4847BB5404A49F1800000102,
				4862DE4404A4866100000102,
				4862DE4504A4866100000102,
				F5CD783901B3557601A80109,
				F5CD783201B3557601A80109,
				F5101039028B22E60128824A,
				F5101038028B22E60128824A,
				F564849F02103E870128824A,
				F564849E02103E870128824A,
				48AB2B3B04A0A5CC00B410E2,
				48AB2B3C04A0A5CC00B410E2,
				48F70E5F047E653900000102,
				48F70E60047E653900000102,
				484807B004A72B8F006D8DC0,
				484807B104A72B8F006D8DC0,
				485759E50839C9A000DBF3BD,
				485759E60839C9A000DBF3BD,
				48ED6B88083EBCF600E26ED2,
				48ED6B89083EBCF600E26ED2,
			);
			isa = PBXGroup;
			name = Classes;
			refType = 4;
			sourceTree = "<group>";
		};
		089C165CFE840E0CC02AAC07 = {
			children = (
				089C165DFE840E0CC02AAC07,
				F599A062027CE04801D17707,
				F51835960305C46601000104,
				F51835970305C46601000104,
				F559D8AE031A668B012884B0,
				7F33147803D1F9AC002884EA,
				7F33147B03D1F9CA002884EA,
			);
			isa = PBXVariantGroup;
			name = InfoPlist.strings;
			refType = 4;
			sourceTree = "<group>";
		};
		089C165DFE840E0CC02AAC07 = {
			fileEncoding = 4;
			isa = PBXFileReference;
			lastKnownFileType = text.plist.strings;
			name = English;
			path = English.lproj/InfoPlist.strings;
			refType = 4;
			sourceTree = "<group>";
		};
		089C165EFE840E0CC02AAC07 = {
			fileRef = 089C165CFE840E0CC02AAC07;
			isa = PBXBuildFile;
			settings = {
			};
		};
//080
//081
//082
//083
//084
//100
//101
//102
//103
//104
		1058C7A0FEA54F0111CA2CBB = {
			children = (
				4866DBDB0798C23300DA7B80,
				485E44EF04AC76A5003385CC,
				1058C7A1FEA54F0111CA2CBB,
				4897D66604ADFCD800B52053,
				48C477650552062800000102,
			);
			isa = PBXGroup;
			name = "Linked Frameworks";
			refType = 4;
			sourceTree = "<group>";
		};
		1058C7A1FEA54F0111CA2CBB = {
			isa = PBXFileReference;
			lastKnownFileType = wrapper.framework;
			name = Cocoa.framework;
			path = /System/Library/Frameworks/Cocoa.framework;
			refType = 0;
			sourceTree = "<absolute>";
		};
		1058C7A2FEA54F0111CA2CBB = {
			children = (
				29B97325FDCFA39411CA2CEA,
				29B97324FDCFA39411CA2CEA,
			);
			isa = PBXGroup;
			name = "Other Frameworks";
			refType = 4;
			sourceTree = "<group>";
		};
		1058C7A3FEA54F0111CA2CBB = {
			fileRef = 1058C7A1FEA54F0111CA2CBB;
			isa = PBXBuildFile;
			settings = {
			};
		};
//100
//101
//102
//103
//104
//170
//171
//172
//173
//174
		17587328FF379C6511CA2CBB = {
			explicitFileType = wrapper.application;
			isa = PBXFileReference;
			path = "GPG Keychain Access.app";
			refType = 3;
			sourceTree = BUILT_PRODUCTS_DIR;
		};
//170
//171
//172
//173
//174
//190
//191
//192
//193
//194
		19C28FACFE9D520D11CA2CBB = {
			children = (
				17587328FF379C6511CA2CBB,
				4811925C079A4994007F0B60,
			);
			isa = PBXGroup;
			name = Products;
			refType = 4;
			sourceTree = "<group>";
		};
//190
//191
//192
//193
//194
//290
//291
//292
//293
//294
		29B97313FDCFA39411CA2CEA = {
			buildSettings = {
			};
			buildStyles = (
				4A9504CCFFE6A4B311CA0CBA,
				4A9504CDFFE6A4B311CA0CBA,
				481BB1070551FAF000000102,
			);
			hasScannedForEncodings = 1;
			isa = PBXProject;
			knownRegions = (
				English,
				Japanese,
				French,
				German,
				Spanish,
				Swedish,
				Danish,
				Italian,
			);
			mainGroup = 29B97314FDCFA39411CA2CEA;
			projectDirPath = "";
			targets = (
				29B97326FDCFA39411CA2CEA,
				4811925B079A4994007F0B60,
			);
		};
		29B97314FDCFA39411CA2CEA = {
			children = (
				F52606C002160D6D0128824A,
				080E96DDFE201D6D7F000001,
				29B97315FDCFA39411CA2CEA,
				29B97317FDCFA39411CA2CEA,
				29B97323FDCFA39411CA2CEA,
				19C28FACFE9D520D11CA2CBB,
			);
			isa = PBXGroup;
			name = Mac_GPG_Keys;
			path = "";
			refType = 4;
			sourceTree = "<group>";
		};
		29B97315FDCFA39411CA2CEA = {
			children = (
				48119260079A49BC007F0B60,
				29B97316FDCFA39411CA2CEA,
				488257EE04A87EDB003E3BB7,
			);
			isa = PBXGroup;
			name = "Other Sources";
			path = "";
			refType = 4;
			sourceTree = "<group>";
		};
		29B97316FDCFA39411CA2CEA = {
			fileEncoding = 4;
			isa = PBXFileReference;
			lastKnownFileType = sourcecode.c.objc;
			path = main.m;
			refType = 4;
			sourceTree = "<group>";
		};
		29B97317FDCFA39411CA2CEA = {
			children = (
				48D8AD2307DADF7700074DAB,
				4875F02D07BB575A00FF59F0,
				4895D25804AC98F500077434,
				F562F1C4024905E301746A60,
				48FD0BB704B1D3FC0091BD3B,
				48425CEF04D03625008D030E,
				48B06A3B04CEE6FC00D8ADA4,
				089C165CFE840E0CC02AAC07,
				485759EE0839CB6100DBF3BD,
				F52606BD02160AA70128824A,
				29B97318FDCFA39411CA2CEA,
				486E120B084B6AE30038CB34,
				48AA5D57084C3F9F00EA27DF,
				48AA5D58084C3F9F00EA27DF,
				4863C457076C11C50042A31B,
				F5CD784801B3559801A80109,
				F5AB166B02159BC10128824A,
				F5101035028B21330128824A,
				F56CE13803B197E70100011D,
				4832383A0475269C00FF42EE,
				F5FFD9F903B236ED0100011D,
				48667617047E6CC300000102,
				483C6E1204A5F1390099D8D6,
				483C6E1404A5F2710099D8D6,
				48A5BE9704B2F39100E78744,
			);
			isa = PBXGroup;
			name = Resources;
			path = "";
			refType = 4;
			sourceTree = "<group>";
		};
		29B97318FDCFA39411CA2CEA = {
			children = (
				29B97319FDCFA39411CA2CEA,
				F599A064027CE04801D17707,
			);
			isa = PBXVariantGroup;
			name = MainMenu.nib;
			path = "";
			refType = 4;
			sourceTree = "<group>";
		};
		29B97319FDCFA39411CA2CEA = {
			isa = PBXFileReference;
			lastKnownFileType = wrapper.nib;
			name = English;
			path = English.lproj/MainMenu.nib;
			refType = 4;
			sourceTree = "<group>";
		};
		29B97323FDCFA39411CA2CEA = {
			children = (
				1058C7A0FEA54F0111CA2CBB,
				1058C7A2FEA54F0111CA2CBB,
			);
			isa = PBXGroup;
			name = Frameworks;
			path = "";
			refType = 4;
			sourceTree = "<group>";
		};
		29B97324FDCFA39411CA2CEA = {
			isa = PBXFileReference;
			lastKnownFileType = wrapper.framework;
			name = AppKit.framework;
			path = /System/Library/Frameworks/AppKit.framework;
			refType = 0;
			sourceTree = "<absolute>";
		};
		29B97325FDCFA39411CA2CEA = {
			isa = PBXFileReference;
			lastKnownFileType = wrapper.framework;
			name = Foundation.framework;
			path = /System/Library/Frameworks/Foundation.framework;
			refType = 0;
			sourceTree = "<absolute>";
		};
		29B97326FDCFA39411CA2CEA = {
			buildPhases = (
				29B97327FDCFA39411CA2CEA,
				29B97328FDCFA39411CA2CEA,
				29B9732BFDCFA39411CA2CEA,
				29B9732DFDCFA39411CA2CEA,
				F52606B10215F9FA0128824A,
				48A5BE9604B2F34A00E78744,
				481C243A07977553000E86CA,
			);
			buildSettings = {
				FRAMEWORK_SEARCH_PATHS = "../GPGME/build /Users/rhwood/Repositories/MacGPG/GPGME/build /Users/rhwood/Developer/MacGPG/Keychain_Access /Users/rhwood/Developer/MacGPG/GPGME/build";
				HEADER_SEARCH_PATHS = "";
				INSTALL_PATH = "$(HOME)/Applications";
				LIBRARY_SEARCH_PATHS = "";
				OTHER_CFLAGS = "-pg";
				OTHER_LDFLAGS = "";
				PRODUCT_NAME = "GPG Keychain Access";
				SECTORDER_FLAGS = "";
				WARNING_CFLAGS = "-Wmost -Wno-four-char-constants -Wno-unknown-pragmas";
				WRAPPER_EXTENSION = app;
			};
			dependencies = (
			);
			isa = PBXApplicationTarget;
			name = "GPG Keychain Access";
			productInstallPath = "$(HOME)/Applications";
			productName = Mac_GPG_Keys;
			productReference = 17587328FF379C6511CA2CBB;
			productSettingsXML = "<?xml version=\"1.0\" encoding=\"UTF-8\"?>
<!DOCTYPE plist PUBLIC \"-//Apple Computer//DTD PLIST 1.0//EN\" \"http://www.apple.com/DTDs/PropertyList-1.0.dtd\">
<plist version=\"1.0\">
<dict>
	<key>CFBundleDevelopmentRegion</key>
	<string>English</string>
	<key>CFBundleDisplayName</key>
	<string>GPG Keychain Access</string>
	<key>CFBundleDocumentTypes</key>
	<array>
		<dict>
			<key>CFBundleTypeExtensions</key>
			<array>
				<string>gpgkey</string>
				<string>key</string>
			</array>
			<key>CFBundleTypeIconFile</key>
			<string>DocumentOpenPGPKeys.icns</string>
			<key>CFBundleTypeName</key>
			<string>OpenPGP Exported Keys</string>
			<key>CFBundleTypeOSTypes</key>
			<array>
				<string>GPGk</string>
			</array>
			<key>CFBundleTypeRole</key>
			<string>Viewer</string>
		</dict>
	</array>
	<key>CFBundleExecutable</key>
	<string>GPG Keychain Access</string>
	<key>CFBundleGetInfoString</key>
	<string>GPG Keychain Access Copyright (c) 2001-2005 Mac GPG Project</string>
	<key>CFBundleHelpBookFolder</key>
	<string>GPGKeys Help</string>
	<key>CFBundleHelpBookName</key>
	<string>GPG Keychain Access Help</string>
	<key>CFBundleIconFile</key>
	<string>GPGKeys.icns</string>
	<key>CFBundleIdentifier</key>
	<string>net.sourceforge.macgpg.GPGKeychain</string>
	<key>CFBundleInfoDictionaryVersion</key>
	<string>6.0</string>
	<key>CFBundleName</key>
	<string>GPG Keychain Access</string>
	<key>CFBundlePackageType</key>
	<string>APPL</string>
	<key>CFBundleShortVersionString</key>
	<string>0.8.0DB1</string>
	<key>CFBundleSignature</key>
	<string>kGPG</string>
	<key>CFBundleVersion</key>
	<string>0.8.-1.0</string>
	<key>LSHasLocalizedDisplayName</key>
	<true/>
	<key>NSMainNibFile</key>
	<string>MainMenu</string>
	<key>NSPrincipalClass</key>
	<string>NSApplication</string>
</dict>
</plist>
";
		};
		29B97327FDCFA39411CA2CEA = {
			buildActionMask = 2147483647;
			files = (
				F5CD783B01B3557601A80109,
				F5CD783C01B3557601A80109,
				F56484A002103E870128824A,
				F52606B902160A670128824A,
				F510103A028B22E60128824A,
				F5563A9B029D9B6501612340,
				48D2AF5B048108CC0059AB92,
				48AB2B3D04A0A5CC00B410E2,
				48C2AE0104A4E0FE0098486B,
				48C2AE0204A4E0FF0098486B,
				48C2AE0304A4E1000098486B,
				48C2AE0404A4E1010098486B,
				484807B204A72B8F006D8DC0,
				488FE7FE04A86A4B00329DD6,
				488257EF04A87EDB003E3BB7,
			);
			isa = PBXHeadersBuildPhase;
			runOnlyForDeploymentPostprocessing = 0;
		};
		29B97328FDCFA39411CA2CEA = {
			buildActionMask = 2147483647;
			files = (
				48C5F201079A4EE3005B0774,
				4866DA120798BE9B00DA7B80,
				080E96DCFE201CFB7F000001,
				089C165EFE840E0CC02AAC07,
				F5AB166C02159BC10128824A,
				F52606BF02160AA70128824A,
				F562F1C6024905E301746A60,
				F5101037028B21330128824A,
				F56CE13903B197E70100011D,
				F5FFD9FA03B236ED0100011D,
				4832383B0475269C00FF42EE,
				48ACBE500478569100A8795D,
				486E6481047A9FB400238FA9,
				486CD84F047ADECB00D1B43E,
				486CD850047ADECB00D1B43E,
				486CD851047ADECB00D1B43E,
				48F0D93C047D6B98007D7FE2,
				48F0D93E047D6FDA007D7FE2,
				48F0D93F047D7002007D7FE2,
				48F0D940047D7002007D7FE2,
				48F0D942047D74D9007D7FE2,
				48F0D944047D7621007D7FE2,
				7FB141CA0481CB9700B8A8AC,
				48E9355304874F480009D3CE,
				483C6E1304A5F1390099D8D6,
				483C6E1504A5F2710099D8D6,
				483C6E1604A5FB530099D8D6,
				48FD0BB804B1D3FC0091BD3B,
				4882580A04A89325003E3BB7,
				48B06A3C04CEE6FC00D8ADA4,
				48425CF004D03625008D030E,
				48CD6737079A00E600734A63,
				48D8AD2807DADF7800074DAB,
				48D8AD2907DADF7800074DAB,
				48D8AD2A07DADF7800074DAB,
				48D8AE1507DB0D8E00074DAB,
				48D8AE2507DB11CC00074DAB,
				48D8AE2607DB11CC00074DAB,
				48D8AE2707DB11CC00074DAB,
				48D8AE3507DB132800074DAB,
				48D8AE3607DB132800074DAB,
				48D8AE3707DB132800074DAB,
				4838200D081104C300E305A2,
				485759EF0839CB6100DBF3BD,
				486E1143084AB6140038CB34,
				486E1144084AB6140038CB34,
				486E1145084AB6140038CB34,
				486E1146084AB6140038CB34,
				486E1147084AB6140038CB34,
				486E1148084AB6140038CB34,
				486E1149084AB6140038CB34,
				486E114A084AB6140038CB34,
				486E114B084AB6140038CB34,
				486E114C084AB6140038CB34,
				486E114D084AB6140038CB34,
				486E114E084AB6140038CB34,
				486E114F084AB6140038CB34,
				486E1150084AB6140038CB34,
				486E1151084AB6140038CB34,
				486E1152084AB6140038CB34,
				486E1153084AB6140038CB34,
				486E1154084AB6140038CB34,
				486E1155084AB6140038CB34,
				486E1156084AB6140038CB34,
				486E1157084AB6140038CB34,
				486E1158084AB6140038CB34,
				486E120C084B6AE30038CB34,
				48AA5D59084C3F9F00EA27DF,
				48AA5D5A084C3FA000EA27DF,
			);
			isa = PBXResourcesBuildPhase;
			runOnlyForDeploymentPostprocessing = 0;
		};
		29B9732BFDCFA39411CA2CEA = {
			buildActionMask = 2147483647;
			files = (
				29B9732CFDCFA39411CA2CEA,
				F5CD784101B3557601A80109,
				F5CD784201B3557601A80109,
				F56484A102103E870128824A,
				F52606BB02160A670128824A,
				F510103B028B22E60128824A,
				F5563A9C029D9B6501612340,
				48D2AF5A048108CB0059AB92,
				48AB2B3E04A0A5CC00B410E2,
				48C2ADFD04A4E0F80098486B,
				48C2ADFE04A4E0F80098486B,
				48C2ADFF04A4E0FA0098486B,
				48C2AE0004A4E0FB0098486B,
				484807B304A72B8F006D8DC0,
				488FE7FF04A86A4B00329DD6,
			);
			isa = PBXSourcesBuildPhase;
			runOnlyForDeploymentPostprocessing = 0;
		};
		29B9732CFDCFA39411CA2CEA = {
			fileRef = 29B97316FDCFA39411CA2CEA;
			isa = PBXBuildFile;
			settings = {
				ATTRIBUTES = (
				);
			};
		};
		29B9732DFDCFA39411CA2CEA = {
			buildActionMask = 2147483647;
			files = (
				1058C7A3FEA54F0111CA2CBB,
				485E44F004AC76A5003385CC,
				4897D66704ADFCD800B52053,
				4866DBDC0798C23300DA7B80,
			);
			isa = PBXFrameworksBuildPhase;
			runOnlyForDeploymentPostprocessing = 0;
		};
//290
//291
//292
//293
//294
//480
//481
//482
//483
//484
		48071B89076BD7E400889098 = {
			fileEncoding = 4;
			isa = PBXFileReference;
			lastKnownFileType = sourcecode.c.h;
			path = KeyInformation.h;
			refType = 4;
			sourceTree = "<group>";
		};
		48071B8A076BD7E400889098 = {
			fileEncoding = 4;
			isa = PBXFileReference;
			lastKnownFileType = sourcecode.c.objc;
			path = KeyInformation.m;
			refType = 4;
			sourceTree = "<group>";
		};
		48119259079A4994007F0B60 = {
			buildActionMask = 2147483647;
			files = (
				48119261079A49BC007F0B60,
			);
			isa = PBXSourcesBuildPhase;
			runOnlyForDeploymentPostprocessing = 0;
		};
		4811925A079A4994007F0B60 = {
			buildActionMask = 2147483647;
			files = (
				48119262079A49DD007F0B60,
			);
			isa = PBXFrameworksBuildPhase;
			runOnlyForDeploymentPostprocessing = 0;
		};
		4811925B079A4994007F0B60 = {
			buildPhases = (
				48119259079A4994007F0B60,
				4811925A079A4994007F0B60,
			);
			buildRules = (
			);
			buildSettings = {
				INSTALL_PATH = /usr/local/bin;
				OTHER_CFLAGS = "";
				OTHER_LDFLAGS = "";
				OTHER_REZFLAGS = "";
				PRODUCT_NAME = notificationtool;
				SECTORDER_FLAGS = "";
				WARNING_CFLAGS = "-Wmost -Wno-four-char-constants -Wno-unknown-pragmas";
			};
			dependencies = (
			);
			isa = PBXNativeTarget;
			name = "Notification Tool";
			productName = "Notification Tool";
			productReference = 4811925C079A4994007F0B60;
			productType = "com.apple.product-type.tool";
		};
		4811925C079A4994007F0B60 = {
			explicitFileType = "compiled.mach-o.executable";
			includeInIndex = 0;
			isa = PBXFileReference;
			path = notificationtool;
			refType = 3;
			sourceTree = BUILT_PRODUCTS_DIR;
		};
		48119260079A49BC007F0B60 = {
			fileEncoding = 30;
			isa = PBXFileReference;
			lastKnownFileType = sourcecode.c.objc;
			path = notificationTool.m;
			refType = 4;
			sourceTree = "<group>";
		};
		48119261079A49BC007F0B60 = {
			fileRef = 48119260079A49BC007F0B60;
			isa = PBXBuildFile;
			settings = {
			};
		};
		48119262079A49DD007F0B60 = {
			fileRef = 29B97325FDCFA39411CA2CEA;
			isa = PBXBuildFile;
			settings = {
			};
		};
		481BB1070551FAF000000102 = {
			buildSettings = {
				COPY_PHASE_STRIP = NO;
				OPTIMIZATION_CFLAGS = "-O0";
				TEST_AFTER_BUILD = YES;
			};
			isa = PBXBuildStyle;
			name = Test;
		};
		481C243A07977553000E86CA = {
			buildActionMask = 8;
			comments = "Copy external resources to be distributed with the application.";
			dstPath = "";
			dstSubfolderSpec = 7;
			files = (
				48D8AE2807DB11E300074DAB,
				48D8AE3807DB133A00074DAB,
				48D8AE3907DB133A00074DAB,
				48D8AE3A07DB133A00074DAB,
				48D8AE2907DB11E300074DAB,
				48D8AE2A07DB11E300074DAB,
				48D8AE1707DB0DA200074DAB,
				48D8AE0007DB0B8900074DAB,
				48D8AE0107DB0B8900074DAB,
				48D8AE0207DB0B8900074DAB,
			);
			isa = PBXCopyFilesBuildPhase;
			runOnlyForDeploymentPostprocessing = 1;
		};
		482237240798C5A00079159E = {
			fileRef = 4866DBDB0798C23300DA7B80;
			isa = PBXBuildFile;
			settings = {
			};
		};
		4822374C0798C9B70079159E = {
			fileRef = 48A5BE9704B2F39100E78744;
			isa = PBXBuildFile;
			settings = {
			};
		};
		483238380475268B00FF42EE = {
			fileEncoding = 30;
			isa = PBXFileReference;
			lastKnownFileType = text.html;
			name = English;
			path = English.lproj/GPL.html;
			refType = 4;
			sourceTree = "<group>";
		};
		4832383A0475269C00FF42EE = {
			children = (
				483238380475268B00FF42EE,
				48D53A900541935400000102,
			);
			isa = PBXVariantGroup;
			name = GPL.html;
			refType = 4;
			sourceTree = "<group>";
		};
		4832383B0475269C00FF42EE = {
			fileRef = 4832383A0475269C00FF42EE;
			isa = PBXBuildFile;
			settings = {
			};
		};
		4838200C081104C300E305A2 = {
			isa = PBXFileReference;
			lastKnownFileType = image.tiff;
			path = sig.tiff;
			refType = 4;
			sourceTree = "<group>";
		};
		4838200D081104C300E305A2 = {
			fileRef = 4838200C081104C300E305A2;
			isa = PBXBuildFile;
			settings = {
			};
		};
		483C6E1204A5F1390099D8D6 = {
			fileEncoding = 4;
			isa = PBXFileReference;
			lastKnownFileType = text.xml;
			path = PKPreferencePaneDefaults.plist;
			refType = 4;
			sourceTree = "<group>";
		};
		483C6E1304A5F1390099D8D6 = {
			fileRef = 483C6E1204A5F1390099D8D6;
			isa = PBXBuildFile;
			settings = {
			};
		};
		483C6E1404A5F2710099D8D6 = {
			fileEncoding = 30;
			isa = PBXFileReference;
			lastKnownFileType = text.xml;
			path = PKPreferencePaneGroups.plist;
			refType = 4;
			sourceTree = "<group>";
		};
		483C6E1504A5F2710099D8D6 = {
			fileRef = 483C6E1404A5F2710099D8D6;
			isa = PBXBuildFile;
			settings = {
			};
		};
		483C6E1604A5FB530099D8D6 = {
			fileRef = F5CD784801B3559801A80109;
			isa = PBXBuildFile;
			settings = {
			};
		};
		48425CED04D03611008D030E = {
			fileEncoding = 30;
			isa = PBXFileReference;
			lastKnownFileType = text.plist.strings;
			name = English;
			path = English.lproj/GenerateKeyAssistant.strings;
			refType = 4;
			sourceTree = "<group>";
		};
		48425CEF04D03625008D030E = {
			children = (
				48425CED04D03611008D030E,
				48D53A8E0541935400000102,
			);
			isa = PBXVariantGroup;
			name = GenerateKeyAssistant.strings;
			refType = 4;
			sourceTree = "<group>";
		};
		48425CF004D03625008D030E = {
			fileRef = 48425CEF04D03625008D030E;
			isa = PBXBuildFile;
			settings = {
			};
		};
		4846F29B054556B600000102 = {
			isa = PBXFileReference;
			lastKnownFileType = text.plist.strings;
			name = Spanish;
			path = Spanish.lproj/Localizable.strings;
			refType = 4;
			sourceTree = "<group>";
		};
		4847BB5304A49F1800000102 = {
			fileEncoding = 4;
			isa = PBXFileReference;
			lastKnownFileType = sourcecode.c.h;
			path = PKPreferencesLocalizableStrings.h;
			refType = 4;
			sourceTree = "<group>";
		};
		4847BB5404A49F1800000102 = {
			fileEncoding = 4;
			isa = PBXFileReference;
			lastKnownFileType = sourcecode.c.objc;
			path = PKPreferencesLocalizableStrings.m;
			refType = 4;
			sourceTree = "<group>";
		};
		484807B004A72B8F006D8DC0 = {
			fileEncoding = 4;
			isa = PBXFileReference;
			lastKnownFileType = sourcecode.c.h;
			path = ToolbarAdditions.h;
			refType = 4;
			sourceTree = "<group>";
		};
		484807B104A72B8F006D8DC0 = {
			fileEncoding = 4;
			isa = PBXFileReference;
			lastKnownFileType = sourcecode.c.objc;
			path = ToolbarAdditions.m;
			refType = 4;
			sourceTree = "<group>";
		};
		484807B204A72B8F006D8DC0 = {
			fileRef = 484807B004A72B8F006D8DC0;
			isa = PBXBuildFile;
			settings = {
			};
		};
		484807B304A72B8F006D8DC0 = {
			fileRef = 484807B104A72B8F006D8DC0;
			isa = PBXBuildFile;
			settings = {
			};
		};
		485759E50839C9A000DBF3BD = {
			fileEncoding = 4;
			isa = PBXFileReference;
			lastKnownFileType = sourcecode.c.h;
			path = KeychainAccess.h;
			refType = 4;
			sourceTree = "<group>";
		};
		485759E60839C9A000DBF3BD = {
			fileEncoding = 4;
			isa = PBXFileReference;
			lastKnownFileType = sourcecode.c.objc;
			path = KeychainAccess.m;
			refType = 4;
			sourceTree = "<group>";
		};
		485759EC0839CB3500DBF3BD = {
			isa = PBXFileReference;
			lastKnownFileType = wrapper.nib;
			name = English;
			path = English.lproj/Keychain.nib;
			refType = 4;
			sourceTree = "<group>";
		};
		485759EE0839CB6100DBF3BD = {
			children = (
				485759EC0839CB3500DBF3BD,
			);
			isa = PBXVariantGroup;
			name = Keychain.nib;
			refType = 4;
			sourceTree = "<group>";
		};
		485759EF0839CB6100DBF3BD = {
			fileRef = 485759EE0839CB6100DBF3BD;
			isa = PBXBuildFile;
			settings = {
			};
		};
		485E44EF04AC76A5003385CC = {
			isa = PBXFileReference;
			lastKnownFileType = wrapper.framework;
			name = AddressBook.framework;
			path = /System/Library/Frameworks/AddressBook.framework;
			refType = 0;
			sourceTree = "<absolute>";
		};
		485E44F004AC76A5003385CC = {
			fileRef = 485E44EF04AC76A5003385CC;
			isa = PBXBuildFile;
			settings = {
			};
		};
		4862DE4204A4866100000102 = {
			fileEncoding = 30;
			isa = PBXFileReference;
			lastKnownFileType = sourcecode.c.h;
			path = PKPreferencesGroupedIconView.h;
			refType = 4;
			sourceTree = "<group>";
		};
		4862DE4304A4866100000102 = {
			fileEncoding = 30;
			isa = PBXFileReference;
			lastKnownFileType = sourcecode.c.objc;
			path = PKPreferencesGroupedIconView.m;
			refType = 4;
			sourceTree = "<group>";
		};
		4862DE4404A4866100000102 = {
			fileEncoding = 30;
			isa = PBXFileReference;
			lastKnownFileType = sourcecode.c.h;
			path = PKPreferencesMultiIconView.h;
			refType = 4;
			sourceTree = "<group>";
		};
		4862DE4504A4866100000102 = {
			fileEncoding = 30;
			isa = PBXFileReference;
			lastKnownFileType = sourcecode.c.objc;
			path = PKPreferencesMultiIconView.m;
			refType = 4;
			sourceTree = "<group>";
		};
		4863C457076C11C50042A31B = {
			children = (
				4863C458076C11C50042A31B,
			);
			isa = PBXVariantGroup;
			name = KeyInspector.nib;
			path = "";
			refType = 4;
			sourceTree = "<group>";
		};
		4863C458076C11C50042A31B = {
			isa = PBXFileReference;
			lastKnownFileType = wrapper.nib;
			name = English;
			path = English.lproj/KeyInspector.nib;
			refType = 4;
			sourceTree = "<group>";
		};
		48667617047E6CC300000102 = {
			children = (
				48F70E5D047E646900000102,
				48D53A910541935400000102,
			);
			isa = PBXVariantGroup;
			name = Toolbar.strings;
			refType = 4;
			sourceTree = "<group>";
		};
		4866DA120798BE9B00DA7B80 = {
			fileRef = 4863C457076C11C50042A31B;
			isa = PBXBuildFile;
			settings = {
			};
		};
		4866DBDB0798C23300DA7B80 = {
			isa = PBXFileReference;
			lastKnownFileType = sourcecode.c.h;
			name = GPGME.framework;
			path = /Users/rhwood/Developer/MacGPG/GPGME/build/GPGME.framework;
			refType = 0;
			sourceTree = "<absolute>";
		};
		4866DBDC0798C23300DA7B80 = {
			fileRef = 4866DBDB0798C23300DA7B80;
			isa = PBXBuildFile;
			settings = {
			};
		};
		486CD84C047ADECB00D1B43E = {
			isa = PBXFileReference;
			lastKnownFileType = image.tiff;
			path = Delete.tiff;
			refType = 4;
			sourceTree = "<group>";
		};
		486CD84D047ADECB00D1B43E = {
			isa = PBXFileReference;
			lastKnownFileType = image.tiff;
			path = Export.tiff;
			refType = 4;
			sourceTree = "<group>";
		};
		486CD84E047ADECB00D1B43E = {
			isa = PBXFileReference;
			lastKnownFileType = image.tiff;
			path = Import.tiff;
			refType = 4;
			sourceTree = "<group>";
		};
		486CD84F047ADECB00D1B43E = {
			fileRef = 486CD84C047ADECB00D1B43E;
			isa = PBXBuildFile;
			settings = {
			};
		};
		486CD850047ADECB00D1B43E = {
			fileRef = 486CD84D047ADECB00D1B43E;
			isa = PBXBuildFile;
			settings = {
			};
		};
		486CD851047ADECB00D1B43E = {
			fileRef = 486CD84E047ADECB00D1B43E;
			isa = PBXBuildFile;
			settings = {
			};
		};
		486DFB0A047D55AA00397D75 = {
			isa = PBXFileReference;
			lastKnownFileType = image.tiff;
			path = SearchStop.tiff;
			refType = 4;
			sourceTree = "<group>";
		};
		486DFB0B047D55AA00397D75 = {
			isa = PBXFileReference;
			lastKnownFileType = image.tiff;
			path = SearchStopPressed.tiff;
			refType = 4;
			sourceTree = "<group>";
		};
		486E112D084AB6140038CB34 = {
			isa = PBXFileReference;
			lastKnownFileType = image.tiff;
			path = "DSApair-exp.tiff";
			refType = 4;
			sourceTree = "<group>";
		};
		486E112E084AB6140038CB34 = {
			isa = PBXFileReference;
			lastKnownFileType = image.tiff;
			path = "DSApair-inv.tiff";
			refType = 4;
			sourceTree = "<group>";
		};
		486E112F084AB6140038CB34 = {
			isa = PBXFileReference;
			lastKnownFileType = image.tiff;
			path = "DSApub-exp.tiff";
			refType = 4;
			sourceTree = "<group>";
		};
		486E1130084AB6140038CB34 = {
			isa = PBXFileReference;
			lastKnownFileType = image.tiff;
			path = "DSApub-inv.tiff";
			refType = 4;
			sourceTree = "<group>";
		};
		486E1131084AB6140038CB34 = {
			isa = PBXFileReference;
			lastKnownFileType = image.tiff;
			path = "DSAsub-exp.tiff";
			refType = 4;
			sourceTree = "<group>";
		};
		486E1132084AB6140038CB34 = {
			isa = PBXFileReference;
			lastKnownFileType = image.tiff;
			path = "DSAsub-inv.tiff";
			refType = 4;
			sourceTree = "<group>";
		};
		486E1133084AB6140038CB34 = {
			isa = PBXFileReference;
			lastKnownFileType = image.tiff;
			path = "ELG-Esub-exp.tiff";
			refType = 4;
			sourceTree = "<group>";
		};
		486E1134084AB6140038CB34 = {
			isa = PBXFileReference;
			lastKnownFileType = image.tiff;
			path = "ELG-Esub-inv.tiff";
			refType = 4;
			sourceTree = "<group>";
		};
		486E1135084AB6140038CB34 = {
			isa = PBXFileReference;
			lastKnownFileType = image.tiff;
			path = "ELGsub-exp.tiff";
			refType = 4;
			sourceTree = "<group>";
		};
		486E1136084AB6140038CB34 = {
			isa = PBXFileReference;
			lastKnownFileType = image.tiff;
			path = "ELGsub-inv.tiff";
			refType = 4;
			sourceTree = "<group>";
		};
		486E1137084AB6140038CB34 = {
			isa = PBXFileReference;
			lastKnownFileType = image.tiff;
			path = "key-exp.tiff";
			refType = 4;
			sourceTree = "<group>";
		};
		486E1138084AB6140038CB34 = {
			isa = PBXFileReference;
			lastKnownFileType = image.tiff;
			path = "key-inv.tiff";
			refType = 4;
			sourceTree = "<group>";
		};
		486E1139084AB6140038CB34 = {
			isa = PBXFileReference;
			lastKnownFileType = image.tiff;
			path = "RSApair-exp.tiff";
			refType = 4;
			sourceTree = "<group>";
		};
		486E113A084AB6140038CB34 = {
			isa = PBXFileReference;
			lastKnownFileType = image.tiff;
			path = "RSApair-inv.tiff";
			refType = 4;
			sourceTree = "<group>";
		};
		486E113B084AB6140038CB34 = {
			isa = PBXFileReference;
			lastKnownFileType = image.tiff;
			path = "RSApub-exp.tiff";
			refType = 4;
			sourceTree = "<group>";
		};
		486E113C084AB6140038CB34 = {
			isa = PBXFileReference;
			lastKnownFileType = image.tiff;
			path = "RSApub-inv.tiff";
			refType = 4;
			sourceTree = "<group>";
		};
		486E113D084AB6140038CB34 = {
			isa = PBXFileReference;
			lastKnownFileType = image.tiff;
			path = "RSAsub-exp.tiff";
			refType = 4;
			sourceTree = "<group>";
		};
		486E113E084AB6140038CB34 = {
			isa = PBXFileReference;
			lastKnownFileType = image.tiff;
			path = "RSAsub-inv.tiff";
			refType = 4;
			sourceTree = "<group>";
		};
		486E113F084AB6140038CB34 = {
			isa = PBXFileReference;
			lastKnownFileType = image.tiff;
			path = "sig-exp.tiff";
			refType = 4;
			sourceTree = "<group>";
		};
		486E1140084AB6140038CB34 = {
			isa = PBXFileReference;
			lastKnownFileType = image.tiff;
			path = "sig-inv.tiff";
			refType = 4;
			sourceTree = "<group>";
		};
		486E1141084AB6140038CB34 = {
			isa = PBXFileReference;
			lastKnownFileType = image.tiff;
			path = "uid-exp.tiff";
			refType = 4;
			sourceTree = "<group>";
		};
		486E1142084AB6140038CB34 = {
			isa = PBXFileReference;
			lastKnownFileType = image.tiff;
			path = "uid-inv.tiff";
			refType = 4;
			sourceTree = "<group>";
		};
		486E1143084AB6140038CB34 = {
			fileRef = 486E112D084AB6140038CB34;
			isa = PBXBuildFile;
			settings = {
			};
		};
		486E1144084AB6140038CB34 = {
			fileRef = 486E112E084AB6140038CB34;
			isa = PBXBuildFile;
			settings = {
			};
		};
		486E1145084AB6140038CB34 = {
			fileRef = 486E112F084AB6140038CB34;
			isa = PBXBuildFile;
			settings = {
			};
		};
		486E1146084AB6140038CB34 = {
			fileRef = 486E1130084AB6140038CB34;
			isa = PBXBuildFile;
			settings = {
			};
		};
		486E1147084AB6140038CB34 = {
			fileRef = 486E1131084AB6140038CB34;
			isa = PBXBuildFile;
			settings = {
			};
		};
		486E1148084AB6140038CB34 = {
			fileRef = 486E1132084AB6140038CB34;
			isa = PBXBuildFile;
			settings = {
			};
		};
		486E1149084AB6140038CB34 = {
			fileRef = 486E1133084AB6140038CB34;
			isa = PBXBuildFile;
			settings = {
			};
		};
		486E114A084AB6140038CB34 = {
			fileRef = 486E1134084AB6140038CB34;
			isa = PBXBuildFile;
			settings = {
			};
		};
		486E114B084AB6140038CB34 = {
			fileRef = 486E1135084AB6140038CB34;
			isa = PBXBuildFile;
			settings = {
			};
		};
		486E114C084AB6140038CB34 = {
			fileRef = 486E1136084AB6140038CB34;
			isa = PBXBuildFile;
			settings = {
			};
		};
		486E114D084AB6140038CB34 = {
			fileRef = 486E1137084AB6140038CB34;
			isa = PBXBuildFile;
			settings = {
			};
		};
		486E114E084AB6140038CB34 = {
			fileRef = 486E1138084AB6140038CB34;
			isa = PBXBuildFile;
			settings = {
			};
		};
		486E114F084AB6140038CB34 = {
			fileRef = 486E1139084AB6140038CB34;
			isa = PBXBuildFile;
			settings = {
			};
		};
		486E1150084AB6140038CB34 = {
			fileRef = 486E113A084AB6140038CB34;
			isa = PBXBuildFile;
			settings = {
			};
		};
		486E1151084AB6140038CB34 = {
			fileRef = 486E113B084AB6140038CB34;
			isa = PBXBuildFile;
			settings = {
			};
		};
		486E1152084AB6140038CB34 = {
			fileRef = 486E113C084AB6140038CB34;
			isa = PBXBuildFile;
			settings = {
			};
		};
		486E1153084AB6140038CB34 = {
			fileRef = 486E113D084AB6140038CB34;
			isa = PBXBuildFile;
			settings = {
			};
		};
		486E1154084AB6140038CB34 = {
			fileRef = 486E113E084AB6140038CB34;
			isa = PBXBuildFile;
			settings = {
			};
		};
		486E1155084AB6140038CB34 = {
			fileRef = 486E113F084AB6140038CB34;
			isa = PBXBuildFile;
			settings = {
			};
		};
		486E1156084AB6140038CB34 = {
			fileRef = 486E1140084AB6140038CB34;
			isa = PBXBuildFile;
			settings = {
			};
		};
		486E1157084AB6140038CB34 = {
			fileRef = 486E1141084AB6140038CB34;
			isa = PBXBuildFile;
			settings = {
			};
		};
		486E1158084AB6140038CB34 = {
			fileRef = 486E1142084AB6140038CB34;
			isa = PBXBuildFile;
			settings = {
			};
		};
		486E11FC084B678B0038CB34 = {
			isa = PBXFileReference;
			lastKnownFileType = wrapper.nib;
			name = English;
			path = English.lproj/KeyInformation.nib;
			refType = 4;
			sourceTree = "<group>";
		};
		486E120B084B6AE30038CB34 = {
			children = (
				486E11FC084B678B0038CB34,
			);
			isa = PBXVariantGroup;
			name = KeyInformation.nib;
			refType = 4;
			sourceTree = "<group>";
		};
		486E120C084B6AE30038CB34 = {
			fileRef = 486E120B084B6AE30038CB34;
			isa = PBXBuildFile;
			settings = {
			};
		};
		486E6480047A9FB400238FA9 = {
			isa = PBXFileReference;
			lastKnownFileType = image.tiff;
			path = Generate.tiff;
			refType = 4;
			sourceTree = "<group>";
		};
		486E6481047A9FB400238FA9 = {
			fileRef = 486E6480047A9FB400238FA9;
			isa = PBXBuildFile;
			settings = {
			};
		};
		4875F02D07BB575A00FF59F0 = {
			children = (
				48F0D943047D7621007D7FE2,
				486CD84C047ADECB00D1B43E,
				48F0D941047D74D9007D7FE2,
				486CD84D047ADECB00D1B43E,
				7FB141C90481CB9700B8A8AC,
				486E6480047A9FB400238FA9,
				4882580804A89325003E3BB7,
				486CD84E047ADECB00D1B43E,
				48F0D93B047D6B98007D7FE2,
				4882580904A89325003E3BB7,
				4882580604A89306003E3BB7,
				486DFB0A047D55AA00397D75,
				486DFB0B047D55AA00397D75,
				48F0D93D047D6FDA007D7FE2,
			);
			isa = PBXGroup;
			name = Images;
			refType = 4;
			sourceTree = "<group>";
		};
		488257EE04A87EDB003E3BB7 = {
			fileEncoding = 4;
			isa = PBXFileReference;
			lastKnownFileType = sourcecode.c.h;
			path = GPGKeys_PREFIX.h;
			refType = 4;
			sourceTree = "<group>";
		};
		488257EF04A87EDB003E3BB7 = {
			fileRef = 488257EE04A87EDB003E3BB7;
			isa = PBXBuildFile;
			settings = {
			};
		};
		4882580604A89306003E3BB7 = {
			isa = PBXFileReference;
			lastKnownFileType = image.tiff;
			path = Keychain.tiff;
			refType = 4;
			sourceTree = "<group>";
		};
		4882580804A89325003E3BB7 = {
			isa = PBXFileReference;
			lastKnownFileType = image.tiff;
			path = GPGKeys.tiff;
			refType = 4;
			sourceTree = "<group>";
		};
		4882580904A89325003E3BB7 = {
			isa = PBXFileReference;
			lastKnownFileType = image.tiff;
			path = Key.tiff;
			refType = 4;
			sourceTree = "<group>";
		};
		4882580A04A89325003E3BB7 = {
			fileRef = 4882580804A89325003E3BB7;
			isa = PBXBuildFile;
			settings = {
			};
		};
		488C33C504A46C5500000102 = {
			isa = PBXFileReference;
			lastKnownFileType = wrapper.nib;
			name = English;
			path = English.lproj/GenerateKeyAssistant.nib;
			refType = 4;
			sourceTree = "<group>";
		};
		488FE7FC04A86A4B00329DD6 = {
			fileEncoding = 30;
			isa = PBXFileReference;
			lastKnownFileType = sourcecode.c.h;
			path = GenerateKeyController.h;
			refType = 4;
			sourceTree = "<group>";
		};
		488FE7FD04A86A4B00329DD6 = {
			fileEncoding = 30;
			isa = PBXFileReference;
			lastKnownFileType = sourcecode.c.objc;
			path = GenerateKeyController.m;
			refType = 4;
			sourceTree = "<group>";
		};
		488FE7FE04A86A4B00329DD6 = {
			fileRef = 488FE7FC04A86A4B00329DD6;
			isa = PBXBuildFile;
			settings = {
			};
		};
		488FE7FF04A86A4B00329DD6 = {
			fileRef = 488FE7FD04A86A4B00329DD6;
			isa = PBXBuildFile;
			settings = {
			};
		};
		4895D25804AC98F500077434 = {
			isa = PBXFileReference;
			lastKnownFileType = file;
			path = addEventToiCal.applescript;
			refType = 4;
			sourceTree = "<group>";
		};
		4897D66604ADFCD800B52053 = {
			isa = PBXFileReference;
			lastKnownFileType = wrapper.framework;
			name = Carbon.framework;
			path = /System/Library/Frameworks/Carbon.framework;
			refType = 0;
			sourceTree = "<absolute>";
		};
		4897D66704ADFCD800B52053 = {
			fileRef = 4897D66604ADFCD800B52053;
			isa = PBXBuildFile;
			settings = {
			};
		};
		48A5BE9604B2F34A00E78744 = {
			buildActionMask = 2147483647;
			comments = "Copy external preferences panes that are to be used by the application.";
			dstPath = PreferencePanes;
			dstSubfolderSpec = 7;
			files = (
				4822374C0798C9B70079159E,
			);
			isa = PBXCopyFilesBuildPhase;
			runOnlyForDeploymentPostprocessing = 0;
		};
		48A5BE9704B2F39100E78744 = {
			isa = PBXFileReference;
			lastKnownFileType = wrapper.cfbundle;
			name = GnuPG.prefPane;
			path = ../GPGPreferences/build/GnuPG.prefPane;
			refType = 2;
			sourceTree = SOURCE_ROOT;
		};
		48AA5D57084C3F9F00EA27DF = {
			isa = PBXFileReference;
			lastKnownFileType = image.tiff;
			path = MinusIcon.tiff;
			refType = 4;
			sourceTree = "<group>";
		};
		48AA5D58084C3F9F00EA27DF = {
			isa = PBXFileReference;
			lastKnownFileType = image.tiff;
			path = PlusIcon.tiff;
			refType = 4;
			sourceTree = "<group>";
		};
		48AA5D59084C3F9F00EA27DF = {
			fileRef = 48AA5D57084C3F9F00EA27DF;
			isa = PBXBuildFile;
			settings = {
			};
		};
		48AA5D5A084C3FA000EA27DF = {
			fileRef = 48AA5D58084C3F9F00EA27DF;
			isa = PBXBuildFile;
			settings = {
			};
		};
		48AB2B3B04A0A5CC00B410E2 = {
			fileEncoding = 30;
			isa = PBXFileReference;
			lastKnownFileType = sourcecode.c.h;
			path = TBController.h;
			refType = 4;
			sourceTree = "<group>";
		};
		48AB2B3C04A0A5CC00B410E2 = {
			fileEncoding = 30;
			isa = PBXFileReference;
			lastKnownFileType = sourcecode.c.objc;
			path = TBController.m;
			refType = 4;
			sourceTree = "<group>";
		};
		48AB2B3D04A0A5CC00B410E2 = {
			fileRef = 48AB2B3B04A0A5CC00B410E2;
			isa = PBXBuildFile;
			settings = {
			};
		};
		48AB2B3E04A0A5CC00B410E2 = {
			fileRef = 48AB2B3C04A0A5CC00B410E2;
			isa = PBXBuildFile;
			settings = {
			};
		};
		48ACBE4C0478569100A8795D = {
			children = (
				48ACBE4D0478569100A8795D,
			);
			isa = PBXVariantGroup;
			name = "GPGKeys Help";
			path = "";
			refType = 4;
			sourceTree = "<group>";
		};
		48ACBE4D0478569100A8795D = {
			includeInIndex = 1;
			isa = PBXFileReference;
			lastKnownFileType = folder;
			name = English;
			path = "English.lproj/GPGKeys Help";
			refType = 4;
			sourceTree = "<group>";
		};
		48ACBE500478569100A8795D = {
			fileRef = 48ACBE4C0478569100A8795D;
			isa = PBXBuildFile;
			settings = {
			};
		};
		48B06A3904CEE6DB00D8ADA4 = {
			fileEncoding = 30;
			isa = PBXFileReference;
			lastKnownFileType = text.plist.strings;
			name = English;
			path = English.lproj/GenerateKeyController.strings;
			refType = 4;
			sourceTree = "<group>";
		};
		48B06A3B04CEE6FC00D8ADA4 = {
			children = (
				48B06A3904CEE6DB00D8ADA4,
				48D53A8F0541935400000102,
			);
			isa = PBXVariantGroup;
			name = GenerateKeyController.strings;
			refType = 4;
			sourceTree = "<group>";
		};
		48B06A3C04CEE6FC00D8ADA4 = {
			fileRef = 48B06A3B04CEE6FC00D8ADA4;
			isa = PBXBuildFile;
			settings = {
			};
		};
		48C2ADFD04A4E0F80098486B = {
			fileRef = F5CD783201B3557601A80109;
			isa = PBXBuildFile;
			settings = {
			};
		};
		48C2ADFE04A4E0F80098486B = {
			fileRef = 4862DE4304A4866100000102;
			isa = PBXBuildFile;
			settings = {
			};
		};
		48C2ADFF04A4E0FA0098486B = {
			fileRef = 4847BB5404A49F1800000102;
			isa = PBXBuildFile;
			settings = {
			};
		};
		48C2AE0004A4E0FB0098486B = {
			fileRef = 4862DE4504A4866100000102;
			isa = PBXBuildFile;
			settings = {
			};
		};
		48C2AE0104A4E0FE0098486B = {
			fileRef = F5CD783901B3557601A80109;
			isa = PBXBuildFile;
			settings = {
			};
		};
		48C2AE0204A4E0FF0098486B = {
			fileRef = 4862DE4204A4866100000102;
			isa = PBXBuildFile;
			settings = {
			};
		};
		48C2AE0304A4E1000098486B = {
			fileRef = 4847BB5304A49F1800000102;
			isa = PBXBuildFile;
			settings = {
			};
		};
		48C2AE0404A4E1010098486B = {
			fileRef = 4862DE4404A4866100000102;
			isa = PBXBuildFile;
			settings = {
			};
		};
		48C477650552062800000102 = {
			isa = PBXFileReference;
			lastKnownFileType = wrapper.framework;
			name = SenTestingKit.framework;
			path = /Library/Frameworks/SenTestingKit.framework;
			refType = 0;
			sourceTree = "<absolute>";
		};
		48C5F201079A4EE3005B0774 = {
			fileRef = 4811925C079A4994007F0B60;
			isa = PBXBuildFile;
			settings = {
			};
		};
		48CD6733079A00D100734A63 = {
			fileEncoding = 30;
			isa = PBXFileReference;
			lastKnownFileType = text.html;
			path = "Change Log.html";
			refType = 4;
			sourceTree = "<group>";
		};
		48CD6736079A00E600734A63 = {
			fileEncoding = 30;
			isa = PBXFileReference;
			lastKnownFileType = text.html;
			path = "Read Me.html";
			refType = 4;
			sourceTree = "<group>";
		};
		48CD6737079A00E600734A63 = {
			fileRef = 48CD6736079A00E600734A63;
			isa = PBXBuildFile;
			settings = {
			};
		};
		48CD673A079A010000734A63 = {
			fileEncoding = 30;
			isa = PBXFileReference;
			lastKnownFileType = text.html;
			path = "Road Map.html";
			refType = 4;
			sourceTree = "<group>";
		};
		48D2AF5A048108CB0059AB92 = {
			fileRef = 48F70E60047E653900000102;
			isa = PBXBuildFile;
			settings = {
			};
		};
		48D2AF5B048108CC0059AB92 = {
			fileRef = 48F70E5F047E653900000102;
			isa = PBXBuildFile;
			settings = {
			};
		};
		48D53A8D0541931900000102 = {
			isa = PBXFileReference;
			lastKnownFileType = wrapper.nib;
			name = German;
			path = German.lproj/GenerateKeyAssistant.nib;
			refType = 4;
			sourceTree = "<group>";
		};
		48D53A8E0541935400000102 = {
			isa = PBXFileReference;
			lastKnownFileType = text.plist.strings;
			name = German;
			path = German.lproj/GenerateKeyAssistant.strings;
			refType = 4;
			sourceTree = "<group>";
		};
		48D53A8F0541935400000102 = {
			isa = PBXFileReference;
			lastKnownFileType = text.plist.strings;
			name = German;
			path = German.lproj/GenerateKeyController.strings;
			refType = 4;
			sourceTree = "<group>";
		};
		48D53A900541935400000102 = {
			isa = PBXFileReference;
			lastKnownFileType = text.html;
			name = German;
			path = German.lproj/GPL.html;
			refType = 4;
			sourceTree = "<group>";
		};
		48D53A910541935400000102 = {
			isa = PBXFileReference;
			lastKnownFileType = text.plist.strings;
			name = German;
			path = German.lproj/Toolbar.strings;
			refType = 4;
			sourceTree = "<group>";
		};
		48D8AD2307DADF7700074DAB = {
			children = (
				486E112D084AB6140038CB34,
				486E112E084AB6140038CB34,
				486E112F084AB6140038CB34,
				486E1130084AB6140038CB34,
				486E1131084AB6140038CB34,
				486E1132084AB6140038CB34,
				486E1133084AB6140038CB34,
				486E1134084AB6140038CB34,
				486E1135084AB6140038CB34,
				486E1136084AB6140038CB34,
				486E1137084AB6140038CB34,
				486E1138084AB6140038CB34,
				486E1139084AB6140038CB34,
				486E113A084AB6140038CB34,
				486E113B084AB6140038CB34,
				486E113C084AB6140038CB34,
				486E113D084AB6140038CB34,
				486E113E084AB6140038CB34,
				486E113F084AB6140038CB34,
				486E1140084AB6140038CB34,
				486E1141084AB6140038CB34,
				486E1142084AB6140038CB34,
				48D8AE2207DB11CC00074DAB,
				48D8AE3207DB132800074DAB,
				4838200C081104C300E305A2,
				48D8AE3307DB132800074DAB,
				48D8AE3407DB132800074DAB,
				48D8AE2307DB11CC00074DAB,
				48D8AE2407DB11CC00074DAB,
				48D8AE1407DB0D8E00074DAB,
				48D8AD2407DADF7800074DAB,
				48D8AD2507DADF7800074DAB,
				48D8AD2607DADF7800074DAB,
			);
			isa = PBXGroup;
			path = Icons;
			refType = 4;
			sourceTree = "<group>";
		};
		48D8AD2407DADF7800074DAB = {
			isa = PBXFileReference;
			lastKnownFileType = image.tiff;
			path = DSApub.tiff;
			refType = 4;
			sourceTree = "<group>";
		};
		48D8AD2507DADF7800074DAB = {
			isa = PBXFileReference;
			lastKnownFileType = image.tiff;
			path = key.tiff;
			refType = 4;
			sourceTree = "<group>";
		};
		48D8AD2607DADF7800074DAB = {
			isa = PBXFileReference;
			lastKnownFileType = image.tiff;
			path = uid.tiff;
			refType = 4;
			sourceTree = "<group>";
		};
		48D8AD2807DADF7800074DAB = {
			fileRef = 48D8AD2407DADF7800074DAB;
			isa = PBXBuildFile;
			settings = {
			};
		};
		48D8AD2907DADF7800074DAB = {
			fileRef = 48D8AD2507DADF7800074DAB;
			isa = PBXBuildFile;
			settings = {
			};
		};
		48D8AD2A07DADF7800074DAB = {
			fileRef = 48D8AD2607DADF7800074DAB;
			isa = PBXBuildFile;
			settings = {
			};
		};
		48D8AE0007DB0B8900074DAB = {
			fileRef = 48D8AD2407DADF7800074DAB;
			isa = PBXBuildFile;
			settings = {
			};
		};
		48D8AE0107DB0B8900074DAB = {
			fileRef = 48D8AD2507DADF7800074DAB;
			isa = PBXBuildFile;
			settings = {
			};
		};
		48D8AE0207DB0B8900074DAB = {
			fileRef = 48D8AD2607DADF7800074DAB;
			isa = PBXBuildFile;
			settings = {
			};
		};
		48D8AE1407DB0D8E00074DAB = {
			isa = PBXFileReference;
			lastKnownFileType = image.tiff;
			path = DSAsub.tiff;
			refType = 4;
			sourceTree = "<group>";
		};
		48D8AE1507DB0D8E00074DAB = {
			fileRef = 48D8AE1407DB0D8E00074DAB;
			isa = PBXBuildFile;
			settings = {
			};
		};
		48D8AE1707DB0DA200074DAB = {
			fileRef = 48D8AE1407DB0D8E00074DAB;
			isa = PBXBuildFile;
			settings = {
			};
		};
		48D8AE2207DB11CC00074DAB = {
			isa = PBXFileReference;
			lastKnownFileType = image.tiff;
			path = "ELG-Esub.tiff";
			refType = 4;
			sourceTree = "<group>";
		};
		48D8AE2307DB11CC00074DAB = {
			isa = PBXFileReference;
			lastKnownFileType = image.tiff;
			path = RSApub.tiff;
			refType = 4;
			sourceTree = "<group>";
		};
		48D8AE2407DB11CC00074DAB = {
			isa = PBXFileReference;
			lastKnownFileType = image.tiff;
			path = RSAsub.tiff;
			refType = 4;
			sourceTree = "<group>";
		};
		48D8AE2507DB11CC00074DAB = {
			fileRef = 48D8AE2207DB11CC00074DAB;
			isa = PBXBuildFile;
			settings = {
			};
		};
		48D8AE2607DB11CC00074DAB = {
			fileRef = 48D8AE2307DB11CC00074DAB;
			isa = PBXBuildFile;
			settings = {
			};
		};
		48D8AE2707DB11CC00074DAB = {
			fileRef = 48D8AE2407DB11CC00074DAB;
			isa = PBXBuildFile;
			settings = {
			};
		};
		48D8AE2807DB11E300074DAB = {
			fileRef = 48D8AE2207DB11CC00074DAB;
			isa = PBXBuildFile;
			settings = {
			};
		};
		48D8AE2907DB11E300074DAB = {
			fileRef = 48D8AE2307DB11CC00074DAB;
			isa = PBXBuildFile;
			settings = {
			};
		};
		48D8AE2A07DB11E300074DAB = {
			fileRef = 48D8AE2407DB11CC00074DAB;
			isa = PBXBuildFile;
			settings = {
			};
		};
		48D8AE3207DB132800074DAB = {
			isa = PBXFileReference;
			lastKnownFileType = image.tiff;
			path = DSApair.tiff;
			refType = 4;
			sourceTree = "<group>";
		};
		48D8AE3307DB132800074DAB = {
			isa = PBXFileReference;
			lastKnownFileType = image.tiff;
			path = ELGsub.tiff;
			refType = 4;
			sourceTree = "<group>";
		};
		48D8AE3407DB132800074DAB = {
			isa = PBXFileReference;
			lastKnownFileType = image.tiff;
			path = RSApair.tiff;
			refType = 4;
			sourceTree = "<group>";
		};
		48D8AE3507DB132800074DAB = {
			fileRef = 48D8AE3207DB132800074DAB;
			isa = PBXBuildFile;
			settings = {
			};
		};
		48D8AE3607DB132800074DAB = {
			fileRef = 48D8AE3307DB132800074DAB;
			isa = PBXBuildFile;
			settings = {
			};
		};
		48D8AE3707DB132800074DAB = {
			fileRef = 48D8AE3407DB132800074DAB;
			isa = PBXBuildFile;
			settings = {
			};
		};
		48D8AE3807DB133A00074DAB = {
			fileRef = 48D8AE3207DB132800074DAB;
			isa = PBXBuildFile;
			settings = {
			};
		};
		48D8AE3907DB133A00074DAB = {
			fileRef = 48D8AE3307DB132800074DAB;
			isa = PBXBuildFile;
			settings = {
			};
		};
		48D8AE3A07DB133A00074DAB = {
			fileRef = 48D8AE3407DB132800074DAB;
			isa = PBXBuildFile;
			settings = {
			};
		};
		48E9355304874F480009D3CE = {
			fileRef = 48667617047E6CC300000102;
			isa = PBXBuildFile;
			settings = {
			};
		};
		48ED6B88083EBCF600E26ED2 = {
			fileEncoding = 4;
			isa = PBXFileReference;
			lastKnownFileType = sourcecode.c.h;
			path = Keychain.h;
			refType = 4;
			sourceTree = "<group>";
		};
		48ED6B89083EBCF600E26ED2 = {
			fileEncoding = 4;
			isa = PBXFileReference;
			lastKnownFileType = sourcecode.c.objc;
			path = Keychain.m;
			refType = 4;
			sourceTree = "<group>";
		};
		48F0D93B047D6B98007D7FE2 = {
			isa = PBXFileReference;
			lastKnownFileType = image.tiff;
			path = Info.tiff;
			refType = 4;
			sourceTree = "<group>";
		};
		48F0D93C047D6B98007D7FE2 = {
			fileRef = 48F0D93B047D6B98007D7FE2;
			isa = PBXBuildFile;
			settings = {
			};
		};
		48F0D93D047D6FDA007D7FE2 = {
			isa = PBXFileReference;
			lastKnownFileType = image.tiff;
			path = Signature.tiff;
			refType = 4;
			sourceTree = "<group>";
		};
		48F0D93E047D6FDA007D7FE2 = {
			fileRef = 48F0D93D047D6FDA007D7FE2;
			isa = PBXBuildFile;
			settings = {
			};
		};
		48F0D93F047D7002007D7FE2 = {
			fileRef = 486DFB0B047D55AA00397D75;
			isa = PBXBuildFile;
			settings = {
			};
		};
		48F0D940047D7002007D7FE2 = {
			fileRef = 486DFB0A047D55AA00397D75;
			isa = PBXBuildFile;
			settings = {
			};
		};
		48F0D941047D74D9007D7FE2 = {
			isa = PBXFileReference;
			lastKnownFileType = image.tiff;
			path = Edit.tiff;
			refType = 4;
			sourceTree = "<group>";
		};
		48F0D942047D74D9007D7FE2 = {
			fileRef = 48F0D941047D74D9007D7FE2;
			isa = PBXBuildFile;
			settings = {
			};
		};
		48F0D943047D7621007D7FE2 = {
			isa = PBXFileReference;
			lastKnownFileType = image.tiff;
			path = Backup.tiff;
			refType = 4;
			sourceTree = "<group>";
		};
		48F0D944047D7621007D7FE2 = {
			fileRef = 48F0D943047D7621007D7FE2;
			isa = PBXBuildFile;
			settings = {
			};
		};
		48F70E5D047E646900000102 = {
			fileEncoding = 30;
			isa = PBXFileReference;
			lastKnownFileType = text.plist.strings;
			name = English;
			path = English.lproj/Toolbar.strings;
			refType = 4;
			sourceTree = "<group>";
		};
		48F70E5F047E653900000102 = {
			fileEncoding = 4;
			isa = PBXFileReference;
			lastKnownFileType = sourcecode.c.h;
			path = TBLocalizableStrings.h;
			refType = 4;
			sourceTree = "<group>";
		};
		48F70E60047E653900000102 = {
			fileEncoding = 4;
			isa = PBXFileReference;
			lastKnownFileType = sourcecode.c.objc;
			path = TBLocalizableStrings.m;
			refType = 4;
			sourceTree = "<group>";
		};
		48FD0BB704B1D3FC0091BD3B = {
			children = (
				488C33C504A46C5500000102,
				48D53A8D0541931900000102,
			);
			isa = PBXVariantGroup;
			name = GenerateKeyAssistant.nib;
			refType = 4;
			sourceTree = "<group>";
		};
		48FD0BB804B1D3FC0091BD3B = {
			fileRef = 48FD0BB704B1D3FC0091BD3B;
			isa = PBXBuildFile;
			settings = {
			};
		};
//480
//481
//482
//483
//484
//4A0
//4A1
//4A2
//4A3
//4A4
		4A9504CCFFE6A4B311CA0CBA = {
			buildSettings = {
				COPY_PHASE_STRIP = NO;
				GCC_DYNAMIC_NO_PIC = NO;
				GCC_ENABLE_FIX_AND_CONTINUE = YES;
				GCC_GENERATE_DEBUGGING_SYMBOLS = YES;
				GCC_OPTIMIZATION_LEVEL = 0;
				OPTIMIZATION_CFLAGS = "-O0";
				OTHER_CFLAGS = "-D VERBOSE_LOGGING=1";
				ZERO_LINK = YES;
			};
			isa = PBXBuildStyle;
			name = Development;
		};
		4A9504CDFFE6A4B311CA0CBA = {
			buildSettings = {
				COPY_PHASE_STRIP = YES;
				GCC_ENABLE_FIX_AND_CONTINUE = NO;
				OPTIMIZATION_CFLAGS = "-O3";
				OTHER_CFLAGS = "-D VERBOSE_LOGGING=0";
				ZERO_LINK = NO;
			};
			isa = PBXBuildStyle;
			name = Deployment;
		};
//4A0
//4A1
//4A2
//4A3
//4A4
//7F0
//7F1
//7F2
//7F3
//7F4
		7F33146903D1F875002884EA = {
			isa = PBXFileReference;
			lastKnownFileType = wrapper.nib;
			name = Spanish;
			path = Spanish.lproj/RecvKeyPanel.nib;
			refType = 4;
			sourceTree = "<group>";
		};
		7F33146A03D1F875002884EA = {
			isa = PBXFileReference;
			lastKnownFileType = wrapper.nib;
			name = Spanish;
			path = Spanish.lproj/SearchKeyPanel.nib;
			refType = 4;
			sourceTree = "<group>";
		};
		7F33146B03D1F8D8002884EA = {
			isa = PBXFileReference;
			lastKnownFileType = text.rtf;
			path = Leame.rtf;
			refType = 4;
			sourceTree = "<group>";
		};
		7F33146C03D1F8D8002884EA = {
			isa = PBXFileReference;
			lastKnownFileType = text.rtf;
			path = Leggimi.rtf;
			refType = 4;
			sourceTree = "<group>";
		};
		7F33146D03D1F8D8002884EA = {
			isa = PBXFileReference;
			lastKnownFileType = text.rtf;
			path = "Lisez-moi.rtf";
			refType = 4;
			sourceTree = "<group>";
		};
		7F33147403D1F94D002884EA = {
			isa = PBXFileReference;
			lastKnownFileType = text.html;
			name = Spanish;
			path = Spanish.lproj/Credits.html;
			refType = 4;
			sourceTree = "<group>";
		};
		7F33147803D1F9AC002884EA = {
			isa = PBXFileReference;
			lastKnownFileType = text.plist.strings;
			name = Spanish;
			path = Spanish.lproj/InfoPlist.strings;
			refType = 4;
			sourceTree = "<group>";
		};
		7F33147A03D1F9CA002884EA = {
			isa = PBXFileReference;
			lastKnownFileType = text.html;
			name = Italian;
			path = Italian.lproj/Credits.html;
			refType = 4;
			sourceTree = "<group>";
		};
		7F33147B03D1F9CA002884EA = {
			isa = PBXFileReference;
			lastKnownFileType = text.plist.strings;
			name = Italian;
			path = Italian.lproj/InfoPlist.strings;
			refType = 4;
			sourceTree = "<group>";
		};
		7F33147C03D1F9CA002884EA = {
			isa = PBXFileReference;
			lastKnownFileType = text.plist.strings;
			name = Italian;
			path = Italian.lproj/Localizable.strings;
			refType = 4;
			sourceTree = "<group>";
		};
		7F33147F03D1F9CA002884EA = {
			isa = PBXFileReference;
			lastKnownFileType = wrapper.nib;
			name = Italian;
			path = Italian.lproj/RecvKeyPanel.nib;
			refType = 4;
			sourceTree = "<group>";
		};
		7F33148003D1F9CA002884EA = {
			isa = PBXFileReference;
			lastKnownFileType = wrapper.nib;
			name = Italian;
			path = Italian.lproj/SearchKeyPanel.nib;
			refType = 4;
			sourceTree = "<group>";
		};
		7FB141C90481CB9700B8A8AC = {
			isa = PBXFileReference;
			lastKnownFileType = image.tiff;
			path = find.tiff;
			refType = 4;
			sourceTree = "<group>";
		};
		7FB141CA0481CB9700B8A8AC = {
			fileRef = 7FB141C90481CB9700B8A8AC;
			isa = PBXBuildFile;
			settings = {
			};
		};
//7F0
//7F1
//7F2
//7F3
//7F4
//F50
//F51
//F52
//F53
//F54
		F5101035028B21330128824A = {
			children = (
				F5101036028B21330128824A,
				F5602C77028C1A4C0128824A,
				F51835A10305C46601000104,
				F51835A20305C46601000104,
				F559D8B4031A668B012884B0,
				7F33146A03D1F875002884EA,
				7F33148003D1F9CA002884EA,
			);
			isa = PBXVariantGroup;
			name = SearchKeyPanel.nib;
			path = "";
			refType = 4;
			sourceTree = "<group>";
		};
		F5101036028B21330128824A = {
			isa = PBXFileReference;
			lastKnownFileType = wrapper.nib;
			name = English;
			path = English.lproj/SearchKeyPanel.nib;
			refType = 4;
			sourceTree = "<group>";
		};
		F5101037028B21330128824A = {
			fileRef = F5101035028B21330128824A;
			isa = PBXBuildFile;
			settings = {
			};
		};
		F5101038028B22E60128824A = {
			fileEncoding = 4;
			isa = PBXFileReference;
			lastKnownFileType = sourcecode.c.objc;
			path = SearchKeyController.m;
			refType = 4;
			sourceTree = "<group>";
		};
		F5101039028B22E60128824A = {
			fileEncoding = 4;
			isa = PBXFileReference;
			lastKnownFileType = sourcecode.c.h;
			path = SearchKeyController.h;
			refType = 4;
			sourceTree = "<group>";
		};
		F510103A028B22E60128824A = {
			fileRef = F5101039028B22E60128824A;
			isa = PBXBuildFile;
			settings = {
			};
		};
		F510103B028B22E60128824A = {
			fileRef = F5101038028B22E60128824A;
			isa = PBXBuildFile;
			settings = {
			};
		};
		F516EFDC0308140701000104 = {
			isa = PBXFileReference;
			lastKnownFileType = text.rtf;
			path = "Bitte lesen.rtf";
			refType = 4;
			sourceTree = "<group>";
		};
		F51835940305C46601000104 = {
			fileEncoding = 4;
			isa = PBXFileReference;
			lastKnownFileType = text.html;
			name = Swedish;
			path = Swedish.lproj/Credits.html;
			refType = 4;
			sourceTree = "<group>";
		};
		F51835950305C46601000104 = {
			fileEncoding = 4;
			isa = PBXFileReference;
			lastKnownFileType = text.html;
			name = French;
			path = French.lproj/Credits.html;
			refType = 4;
			sourceTree = "<group>";
		};
		F51835960305C46601000104 = {
			fileEncoding = 4;
			isa = PBXFileReference;
			lastKnownFileType = text.plist.strings;
			name = Swedish;
			path = Swedish.lproj/InfoPlist.strings;
			refType = 4;
			sourceTree = "<group>";
		};
		F51835970305C46601000104 = {
			fileEncoding = 4;
			isa = PBXFileReference;
			lastKnownFileType = text.plist.strings;
			name = French;
			path = French.lproj/InfoPlist.strings;
			refType = 4;
			sourceTree = "<group>";
		};
		F51835980305C46601000104 = {
			fileEncoding = 4;
			isa = PBXFileReference;
			lastKnownFileType = text.plist.strings;
			name = Swedish;
			path = Swedish.lproj/Localizable.strings;
			refType = 4;
			sourceTree = "<group>";
		};
		F51835990305C46601000104 = {
			fileEncoding = 4;
			isa = PBXFileReference;
			lastKnownFileType = text.plist.strings;
			name = French;
			path = French.lproj/Localizable.strings;
			refType = 4;
			sourceTree = "<group>";
		};
		F518359F0305C46601000104 = {
			isa = PBXFileReference;
			lastKnownFileType = wrapper.nib;
			name = Swedish;
			path = Swedish.lproj/RecvKeyPanel.nib;
			refType = 4;
			sourceTree = "<group>";
		};
		F51835A00305C46601000104 = {
			isa = PBXFileReference;
			lastKnownFileType = wrapper.nib;
			name = French;
			path = French.lproj/RecvKeyPanel.nib;
			refType = 4;
			sourceTree = "<group>";
		};
		F51835A10305C46601000104 = {
			isa = PBXFileReference;
			lastKnownFileType = wrapper.nib;
			name = Swedish;
			path = Swedish.lproj/SearchKeyPanel.nib;
			refType = 4;
			sourceTree = "<group>";
		};
		F51835A20305C46601000104 = {
			isa = PBXFileReference;
			lastKnownFileType = wrapper.nib;
			name = French;
			path = French.lproj/SearchKeyPanel.nib;
			refType = 4;
			sourceTree = "<group>";
		};
		F52606B10215F9FA0128824A = {
			buildActionMask = 12;
			dstPath = "";
			dstSubfolderSpec = 10;
			files = (
				482237240798C5A00079159E,
			);
			isa = PBXCopyFilesBuildPhase;
			runOnlyForDeploymentPostprocessing = 0;
		};
		F52606B502160A670128824A = {
			fileEncoding = 4;
			isa = PBXFileReference;
			lastKnownFileType = sourcecode.c.objc;
			path = PKLocalisableStrings.m;
			refType = 4;
			sourceTree = "<group>";
		};
		F52606B602160A670128824A = {
			fileEncoding = 4;
			isa = PBXFileReference;
			lastKnownFileType = sourcecode.c.h;
			path = PKLocalisableStrings.h;
			refType = 4;
			sourceTree = "<group>";
		};
		F52606B902160A670128824A = {
			fileRef = F52606B602160A670128824A;
			isa = PBXBuildFile;
			settings = {
			};
		};
		F52606BB02160A670128824A = {
			fileRef = F52606B502160A670128824A;
			isa = PBXBuildFile;
			settings = {
			};
		};
		F52606BD02160AA70128824A = {
			children = (
				F52606BE02160AA70128824A,
				F599A063027CE04801D17707,
				F51835980305C46601000104,
				F51835990305C46601000104,
				F559D8AF031A668B012884B0,
				7F33147C03D1F9CA002884EA,
				4846F29B054556B600000102,
			);
			isa = PBXVariantGroup;
			name = Localizable.strings;
			path = "";
			refType = 4;
			sourceTree = "<group>";
		};
		F52606BE02160AA70128824A = {
			fileEncoding = 30;
			isa = PBXFileReference;
			lastKnownFileType = text.plist.strings;
			lineEnding = 0;
			name = English;
			path = English.lproj/Localizable.strings;
			refType = 4;
			sourceTree = "<group>";
		};
		F52606BF02160AA70128824A = {
			fileRef = F52606BD02160AA70128824A;
			isa = PBXBuildFile;
			settings = {
			};
		};
		F52606C002160D6D0128824A = {
			children = (
				48CD673A079A010000734A63,
				48CD6736079A00E600734A63,
				48CD6733079A00D100734A63,
				F516EFDC0308140701000104,
				7F33146B03D1F8D8002884EA,
				7F33146C03D1F8D8002884EA,
				7F33146D03D1F8D8002884EA,
				48ACBE4C0478569100A8795D,
			);
			isa = PBXGroup;
			name = Documentation;
			refType = 4;
			sourceTree = "<group>";
		};
		F5563A99029D9B6501612340 = {
			fileEncoding = 4;
			isa = PBXFileReference;
			lastKnownFileType = sourcecode.c.h;
			path = PKInspectorController.h;
			refType = 4;
			sourceTree = "<group>";
		};
		F5563A9A029D9B6501612340 = {
			fileEncoding = 4;
			isa = PBXFileReference;
			lastKnownFileType = sourcecode.c.objc;
			path = PKInspectorController.m;
			refType = 4;
			sourceTree = "<group>";
		};
		F5563A9B029D9B6501612340 = {
			fileRef = F5563A99029D9B6501612340;
			isa = PBXBuildFile;
			settings = {
			};
		};
		F5563A9C029D9B6501612340 = {
			fileRef = F5563A9A029D9B6501612340;
			isa = PBXBuildFile;
			settings = {
			};
		};
		F559D8AD031A668B012884B0 = {
			fileEncoding = 4;
			isa = PBXFileReference;
			lastKnownFileType = text.html;
			name = Danish;
			path = Danish.lproj/Credits.html;
			refType = 4;
			sourceTree = "<group>";
		};
		F559D8AE031A668B012884B0 = {
			fileEncoding = 4;
			isa = PBXFileReference;
			lastKnownFileType = text.plist.strings;
			name = Danish;
			path = Danish.lproj/InfoPlist.strings;
			refType = 4;
			sourceTree = "<group>";
		};
		F559D8AF031A668B012884B0 = {
			fileEncoding = 4;
			isa = PBXFileReference;
			lastKnownFileType = text.plist.strings;
			name = Danish;
			path = Danish.lproj/Localizable.strings;
			refType = 4;
			sourceTree = "<group>";
		};
		F559D8B3031A668B012884B0 = {
			isa = PBXFileReference;
			lastKnownFileType = wrapper.nib;
			name = Danish;
			path = Danish.lproj/RecvKeyPanel.nib;
			refType = 4;
			sourceTree = "<group>";
		};
		F559D8B4031A668B012884B0 = {
			isa = PBXFileReference;
			lastKnownFileType = wrapper.nib;
			name = Danish;
			path = Danish.lproj/SearchKeyPanel.nib;
			refType = 4;
			sourceTree = "<group>";
		};
		F5602C76028C1A4C0128824A = {
			isa = PBXFileReference;
			lastKnownFileType = wrapper.nib;
			name = German;
			path = German.lproj/Preferences.nib;
			refType = 4;
			sourceTree = "<group>";
		};
		F5602C77028C1A4C0128824A = {
			isa = PBXFileReference;
			lastKnownFileType = wrapper.nib;
			name = German;
			path = German.lproj/SearchKeyPanel.nib;
			refType = 4;
			sourceTree = "<group>";
		};
		F562F1C4024905E301746A60 = {
			children = (
				F562F1C5024905E301746A60,
				F599A061027CE04801D17707,
				F51835940305C46601000104,
				F51835950305C46601000104,
				F559D8AD031A668B012884B0,
				7F33147403D1F94D002884EA,
				7F33147A03D1F9CA002884EA,
			);
			isa = PBXVariantGroup;
			name = Credits.html;
			path = "";
			refType = 4;
			sourceTree = "<group>";
		};
		F562F1C5024905E301746A60 = {
			fileEncoding = 4;
			isa = PBXFileReference;
			lastKnownFileType = text.html;
			name = English;
			path = English.lproj/Credits.html;
			refType = 4;
			sourceTree = "<group>";
		};
		F562F1C6024905E301746A60 = {
			fileRef = F562F1C4024905E301746A60;
			isa = PBXBuildFile;
			settings = {
			};
		};
		F564849E02103E870128824A = {
			fileEncoding = 4;
			isa = PBXFileReference;
			lastKnownFileType = sourcecode.c.objc;
			path = RecvKeyController.m;
			refType = 4;
			sourceTree = "<group>";
		};
		F564849F02103E870128824A = {
			fileEncoding = 4;
			isa = PBXFileReference;
			lastKnownFileType = sourcecode.c.h;
			path = RecvKeyController.h;
			refType = 4;
			sourceTree = "<group>";
		};
		F56484A002103E870128824A = {
			fileRef = F564849F02103E870128824A;
			isa = PBXBuildFile;
			settings = {
			};
		};
		F56484A102103E870128824A = {
			fileRef = F564849E02103E870128824A;
			isa = PBXBuildFile;
			settings = {
			};
		};
		F56CE13803B197E70100011D = {
			isa = PBXFileReference;
			lastKnownFileType = image.icns;
			path = GPGKeys.icns;
			refType = 4;
			sourceTree = "<group>";
		};
		F56CE13903B197E70100011D = {
			fileRef = F56CE13803B197E70100011D;
			isa = PBXBuildFile;
			settings = {
			};
		};
		F599A061027CE04801D17707 = {
			fileEncoding = 4;
			isa = PBXFileReference;
			lastKnownFileType = text.html;
			name = German;
			path = German.lproj/Credits.html;
			refType = 4;
			sourceTree = "<group>";
		};
		F599A062027CE04801D17707 = {
			fileEncoding = 4;
			isa = PBXFileReference;
			lastKnownFileType = text.plist.strings;
			name = German;
			path = German.lproj/InfoPlist.strings;
			refType = 4;
			sourceTree = "<group>";
		};
		F599A063027CE04801D17707 = {
			fileEncoding = 4;
			isa = PBXFileReference;
			lastKnownFileType = text.plist.strings;
			name = German;
			path = German.lproj/Localizable.strings;
			refType = 4;
			sourceTree = "<group>";
		};
		F599A064027CE04801D17707 = {
			isa = PBXFileReference;
			lastKnownFileType = wrapper.nib;
			name = German;
			path = German.lproj/MainMenu.nib;
			refType = 4;
			sourceTree = "<group>";
		};
		F599A065027CE04801D17707 = {
			isa = PBXFileReference;
			lastKnownFileType = wrapper.nib;
			name = German;
			path = German.lproj/RecvKeyPanel.nib;
			refType = 4;
			sourceTree = "<group>";
		};
		F5AB166902159B840128824A = {
			isa = PBXFileReference;
			lastKnownFileType = wrapper.nib;
			name = English;
			path = English.lproj/RecvKeyPanel.nib;
			refType = 4;
			sourceTree = "<group>";
		};
		F5AB166B02159BC10128824A = {
			children = (
				F5AB166902159B840128824A,
				F599A065027CE04801D17707,
				F518359F0305C46601000104,
				F51835A00305C46601000104,
				F559D8B3031A668B012884B0,
				7F33146903D1F875002884EA,
				7F33147F03D1F9CA002884EA,
			);
			isa = PBXVariantGroup;
			name = RecvKeyPanel.nib;
			refType = 4;
			sourceTree = "<group>";
		};
		F5AB166C02159BC10128824A = {
			fileRef = F5AB166B02159BC10128824A;
			isa = PBXBuildFile;
			settings = {
			};
		};
		F5CD782E01B3557601A80109 = {
			fileEncoding = 4;
			isa = PBXFileReference;
			lastKnownFileType = sourcecode.c.objc;
			path = PKController.m;
			refType = 4;
			sourceTree = "<group>";
		};
		F5CD782F01B3557601A80109 = {
			fileEncoding = 4;
			isa = PBXFileReference;
			lastKnownFileType = sourcecode.c.objc;
			path = PKOutlineDataSource.m;
			refType = 4;
			sourceTree = "<group>";
		};
		F5CD783201B3557601A80109 = {
			fileEncoding = 4;
			isa = PBXFileReference;
			lastKnownFileType = sourcecode.c.objc;
			path = Preferences.m;
			refType = 4;
			sourceTree = "<group>";
		};
		F5CD783501B3557601A80109 = {
			fileEncoding = 4;
			isa = PBXFileReference;
			lastKnownFileType = sourcecode.c.h;
			path = PKController.h;
			refType = 4;
			sourceTree = "<group>";
		};
		F5CD783601B3557601A80109 = {
			fileEncoding = 4;
			isa = PBXFileReference;
			lastKnownFileType = sourcecode.c.h;
			path = PKOutlineDataSource.h;
			refType = 4;
			sourceTree = "<group>";
		};
		F5CD783901B3557601A80109 = {
			fileEncoding = 4;
			isa = PBXFileReference;
			lastKnownFileType = sourcecode.c.h;
			path = Preferences.h;
			refType = 4;
			sourceTree = "<group>";
		};
		F5CD783B01B3557601A80109 = {
			fileRef = F5CD783501B3557601A80109;
			isa = PBXBuildFile;
			settings = {
			};
		};
		F5CD783C01B3557601A80109 = {
			fileRef = F5CD783601B3557601A80109;
			isa = PBXBuildFile;
			settings = {
			};
		};
		F5CD784101B3557601A80109 = {
			fileRef = F5CD782E01B3557601A80109;
			isa = PBXBuildFile;
			settings = {
			};
		};
		F5CD784201B3557601A80109 = {
			fileRef = F5CD782F01B3557601A80109;
			isa = PBXBuildFile;
			settings = {
			};
		};
		F5CD784801B3559801A80109 = {
			children = (
				F5CD784901B3559801A80109,
				F5602C76028C1A4C0128824A,
			);
			isa = PBXVariantGroup;
			name = Preferences.nib;
			path = "";
			refType = 4;
			sourceTree = "<group>";
		};
		F5CD784901B3559801A80109 = {
			isa = PBXFileReference;
			lastKnownFileType = wrapper.nib;
			name = English;
			path = English.lproj/Preferences.nib;
			refType = 4;
			sourceTree = "<group>";
		};
		F5FFD9F903B236ED0100011D = {
			isa = PBXFileReference;
			lastKnownFileType = image.icns;
			path = DocumentOpenPGPKeys.icns;
			refType = 4;
			sourceTree = "<group>";
		};
		F5FFD9FA03B236ED0100011D = {
			fileRef = F5FFD9F903B236ED0100011D;
			isa = PBXBuildFile;
			settings = {
			};
		};
	};
	rootObject = 29B97313FDCFA39411CA2CEA;
}
