
Microsoft Visual Studio Solution File, Format Version 10.00
# Visual Studio 2008
Project("{8BC9CEB8-8B4A-11D0-8D11-00A0C91BC942}") = "Multicast - Console", "Multicast - Console\Multicast - Console.vcproj", "{30300896-7668-4477-94E8-E1E017665EDB}"
EndProject
Project("{8BC9CEB8-8B4A-11D0-8D11-00A0C91BC942}") = "Server", "Server\Server.vcproj", "{55E8D7BA-F13B-406B-AE5A-9234398F45C9}"
EndProject
Global
	GlobalSection(SolutionConfigurationPlatforms) = preSolution
		Debug|Win32 = Debug|Win32
		Release|Win32 = Release|Win32
	EndGlobalSection
	GlobalSection(ProjectConfigurationPlatforms) = postSolution
		{30300896-7668-4477-94E8-E1E017665EDB}.Debug|Win32.ActiveCfg = Debug|Win32
		{30300896-7668-4477-94E8-E1E017665EDB}.Debug|Win32.Build.0 = Debug|Win32
		{30300896-7668-4477-94E8-E1E017665EDB}.Release|Win32.ActiveCfg = Release|Win32
		{30300896-7668-4477-94E8-E1E017665EDB}.Release|Win32.Build.0 = Release|Win32
		{55E8D7BA-F13B-406B-AE5A-9234398F45C9}.Debug|Win32.ActiveCfg = Debug|Win32
		{55E8D7BA-F13B-406B-AE5A-9234398F45C9}.Debug|Win32.Build.0 = Debug|Win32
		{55E8D7BA-F13B-406B-AE5A-9234398F45C9}.Release|Win32.ActiveCfg = Release|Win32
		{55E8D7BA-F13B-406B-AE5A-9234398F45C9}.Release|Win32.Build.0 = Release|Win32
	EndGlobalSection
	GlobalSection(SolutionProperties) = preSolution
		HideSolutionNode = FALSE
	EndGlobalSection
EndGlobal
